// !$*UTF8*$!
{
	archiveVersion = 1;
	classes = {
	};
	objectVersion = 46;
	objects = {

/* Begin PBXBuildFile section */
		209C63AB1C88F23300B92560 /* ImagesService.swift in Sources */ = {isa = PBXBuildFile; fileRef = 209C63AA1C88F23300B92560 /* ImagesService.swift */; };
		20A67FB51C6F382E00898298 /* AppDelegate.swift in Sources */ = {isa = PBXBuildFile; fileRef = 20A67FB41C6F382E00898298 /* AppDelegate.swift */; };
		20A67FBA1C6F382E00898298 /* Main.storyboard in Resources */ = {isa = PBXBuildFile; fileRef = 20A67FB81C6F382E00898298 /* Main.storyboard */; };
		20A67FBC1C6F382E00898298 /* Assets.xcassets in Resources */ = {isa = PBXBuildFile; fileRef = 20A67FBB1C6F382E00898298 /* Assets.xcassets */; };
		20A67FBF1C6F382E00898298 /* LaunchScreen.storyboard in Resources */ = {isa = PBXBuildFile; fileRef = 20A67FBD1C6F382E00898298 /* LaunchScreen.storyboard */; };
		20A67FD21C6F3A6100898298 /* MainMoviesListView.swift in Sources */ = {isa = PBXBuildFile; fileRef = 20A67FD11C6F3A6100898298 /* MainMoviesListView.swift */; };
		20A67FD41C6F3AA900898298 /* MainMoviesListPresenter.swift in Sources */ = {isa = PBXBuildFile; fileRef = 20A67FD31C6F3AA900898298 /* MainMoviesListPresenter.swift */; };
		20A67FD61C6F3AB800898298 /* MainMoviesListInteractor.swift in Sources */ = {isa = PBXBuildFile; fileRef = 20A67FD51C6F3AB800898298 /* MainMoviesListInteractor.swift */; };
		20A67FD81C6F3AC600898298 /* Movie.swift in Sources */ = {isa = PBXBuildFile; fileRef = 20A67FD71C6F3AC600898298 /* Movie.swift */; };
		20A67FDA1C6F3AD500898298 /* TmdbApiDataManager.swift in Sources */ = {isa = PBXBuildFile; fileRef = 20A67FD91C6F3AD500898298 /* TmdbApiDataManager.swift */; };
		20A67FDF1C6F3B2C00898298 /* MainMoviesListWireframe.swift in Sources */ = {isa = PBXBuildFile; fileRef = 20A67FDE1C6F3B2C00898298 /* MainMoviesListWireframe.swift */; };
		20A680031C6F476300898298 /* MovieDetailView.swift in Sources */ = {isa = PBXBuildFile; fileRef = 20A680021C6F476300898298 /* MovieDetailView.swift */; };
		20A680051C6F47A800898298 /* MovieDetailWireframe.swift in Sources */ = {isa = PBXBuildFile; fileRef = 20A680041C6F47A800898298 /* MovieDetailWireframe.swift */; };
		20A680081C6F54C800898298 /* RxSwift.framework in Frameworks */ = {isa = PBXBuildFile; fileRef = 20A680061C6F54C800898298 /* RxSwift.framework */; };
		20A680091C6F54C800898298 /* RxCocoa.framework in Frameworks */ = {isa = PBXBuildFile; fileRef = 20A680071C6F54C800898298 /* RxCocoa.framework */; };
		20A6800C1C6F57B500898298 /* RxSwift.framework in CopyFiles */ = {isa = PBXBuildFile; fileRef = 20A680061C6F54C800898298 /* RxSwift.framework */; settings = {ATTRIBUTES = (CodeSignOnCopy, RemoveHeadersOnCopy, ); }; };
		20A6800D1C6F57B500898298 /* RxCocoa.framework in CopyFiles */ = {isa = PBXBuildFile; fileRef = 20A680071C6F54C800898298 /* RxCocoa.framework */; settings = {ATTRIBUTES = (CodeSignOnCopy, RemoveHeadersOnCopy, ); }; };
		20A6800F1C6F8AE000898298 /* MainMoviesListViewModel.swift in Sources */ = {isa = PBXBuildFile; fileRef = 20A6800E1C6F8AE000898298 /* MainMoviesListViewModel.swift */; };
		20A680111C6F9E2500898298 /* MainMoviesListCell.swift in Sources */ = {isa = PBXBuildFile; fileRef = 20A680101C6F9E2500898298 /* MainMoviesListCell.swift */; };
		20C5304B1C6FB996008D1056 /* TmdbApiService.swift in Sources */ = {isa = PBXBuildFile; fileRef = 20C5304A1C6FB996008D1056 /* TmdbApiService.swift */; };
		20C530591C6FEC18008D1056 /* ConfigurationsWireframe.swift in Sources */ = {isa = PBXBuildFile; fileRef = 20C530581C6FEC18008D1056 /* ConfigurationsWireframe.swift */; };
		20C5305B1C6FEC31008D1056 /* ConfigurationsInteractor.swift in Sources */ = {isa = PBXBuildFile; fileRef = 20C5305A1C6FEC31008D1056 /* ConfigurationsInteractor.swift */; };
		20C5305F1C6FEFF8008D1056 /* ConfigurationsPresenter.swift in Sources */ = {isa = PBXBuildFile; fileRef = 20C5305E1C6FEFF8008D1056 /* ConfigurationsPresenter.swift */; };
		20C530611C6FF1F5008D1056 /* ConfigurationsView.swift in Sources */ = {isa = PBXBuildFile; fileRef = 20C530601C6FF1F5008D1056 /* ConfigurationsView.swift */; };
		20C530641C6FFA48008D1056 /* TmdbConfiguration.swift in Sources */ = {isa = PBXBuildFile; fileRef = 20C530631C6FFA48008D1056 /* TmdbConfiguration.swift */; };
		20C530661C6FFA8B008D1056 /* AppConfiguration.swift in Sources */ = {isa = PBXBuildFile; fileRef = 20C530651C6FFA8B008D1056 /* AppConfiguration.swift */; };
/* End PBXBuildFile section */

/* Begin PBXCopyFilesBuildPhase section */
		20A6800B1C6F57AA00898298 /* CopyFiles */ = {
			isa = PBXCopyFilesBuildPhase;
			buildActionMask = 12;
			dstPath = "";
			dstSubfolderSpec = 10;
			files = (
				20A6800C1C6F57B500898298 /* RxSwift.framework in CopyFiles */,
				20A6800D1C6F57B500898298 /* RxCocoa.framework in CopyFiles */,
			);
			runOnlyForDeploymentPostprocessing = 0;
		};
/* End PBXCopyFilesBuildPhase section */

/* Begin PBXFileReference section */
		209C63AA1C88F23300B92560 /* ImagesService.swift */ = {isa = PBXFileReference; fileEncoding = 4; lastKnownFileType = sourcecode.swift; path = ImagesService.swift; sourceTree = "<group>"; };
		20A67FB11C6F382E00898298 /* ViperPrototype.app */ = {isa = PBXFileReference; explicitFileType = wrapper.application; includeInIndex = 0; path = ViperPrototype.app; sourceTree = BUILT_PRODUCTS_DIR; };
		20A67FB41C6F382E00898298 /* AppDelegate.swift */ = {isa = PBXFileReference; lastKnownFileType = sourcecode.swift; path = AppDelegate.swift; sourceTree = "<group>"; };
		20A67FB91C6F382E00898298 /* Base */ = {isa = PBXFileReference; lastKnownFileType = file.storyboard; name = Base; path = Base.lproj/Main.storyboard; sourceTree = "<group>"; };
		20A67FBB1C6F382E00898298 /* Assets.xcassets */ = {isa = PBXFileReference; lastKnownFileType = folder.assetcatalog; path = Assets.xcassets; sourceTree = "<group>"; };
		20A67FBE1C6F382E00898298 /* Base */ = {isa = PBXFileReference; lastKnownFileType = file.storyboard; name = Base; path = Base.lproj/LaunchScreen.storyboard; sourceTree = "<group>"; };
		20A67FC01C6F382E00898298 /* Info.plist */ = {isa = PBXFileReference; lastKnownFileType = text.plist.xml; path = Info.plist; sourceTree = "<group>"; };
		20A67FD11C6F3A6100898298 /* MainMoviesListView.swift */ = {isa = PBXFileReference; fileEncoding = 4; lastKnownFileType = sourcecode.swift; path = MainMoviesListView.swift; sourceTree = "<group>"; };
		20A67FD31C6F3AA900898298 /* MainMoviesListPresenter.swift */ = {isa = PBXFileReference; fileEncoding = 4; lastKnownFileType = sourcecode.swift; path = MainMoviesListPresenter.swift; sourceTree = "<group>"; };
		20A67FD51C6F3AB800898298 /* MainMoviesListInteractor.swift */ = {isa = PBXFileReference; fileEncoding = 4; lastKnownFileType = sourcecode.swift; path = MainMoviesListInteractor.swift; sourceTree = "<group>"; };
		20A67FD71C6F3AC600898298 /* Movie.swift */ = {isa = PBXFileReference; fileEncoding = 4; lastKnownFileType = sourcecode.swift; path = Movie.swift; sourceTree = "<group>"; };
		20A67FD91C6F3AD500898298 /* TmdbApiDataManager.swift */ = {isa = PBXFileReference; fileEncoding = 4; lastKnownFileType = sourcecode.swift; path = TmdbApiDataManager.swift; sourceTree = "<group>"; };
		20A67FDE1C6F3B2C00898298 /* MainMoviesListWireframe.swift */ = {isa = PBXFileReference; fileEncoding = 4; lastKnownFileType = sourcecode.swift; path = MainMoviesListWireframe.swift; sourceTree = "<group>"; };
		20A680021C6F476300898298 /* MovieDetailView.swift */ = {isa = PBXFileReference; fileEncoding = 4; lastKnownFileType = sourcecode.swift; path = MovieDetailView.swift; sourceTree = "<group>"; };
		20A680041C6F47A800898298 /* MovieDetailWireframe.swift */ = {isa = PBXFileReference; fileEncoding = 4; lastKnownFileType = sourcecode.swift; path = MovieDetailWireframe.swift; sourceTree = "<group>"; };
		20A680061C6F54C800898298 /* RxSwift.framework */ = {isa = PBXFileReference; lastKnownFileType = wrapper.framework; name = RxSwift.framework; path = Carthage/Build/iOS/RxSwift.framework; sourceTree = "<group>"; };
		20A680071C6F54C800898298 /* RxCocoa.framework */ = {isa = PBXFileReference; lastKnownFileType = wrapper.framework; name = RxCocoa.framework; path = Carthage/Build/iOS/RxCocoa.framework; sourceTree = "<group>"; };
		20A6800E1C6F8AE000898298 /* MainMoviesListViewModel.swift */ = {isa = PBXFileReference; fileEncoding = 4; lastKnownFileType = sourcecode.swift; path = MainMoviesListViewModel.swift; sourceTree = "<group>"; };
		20A680101C6F9E2500898298 /* MainMoviesListCell.swift */ = {isa = PBXFileReference; fileEncoding = 4; lastKnownFileType = sourcecode.swift; path = MainMoviesListCell.swift; sourceTree = "<group>"; };
		20C5304A1C6FB996008D1056 /* TmdbApiService.swift */ = {isa = PBXFileReference; fileEncoding = 4; lastKnownFileType = sourcecode.swift; path = TmdbApiService.swift; sourceTree = "<group>"; };
		20C530581C6FEC18008D1056 /* ConfigurationsWireframe.swift */ = {isa = PBXFileReference; fileEncoding = 4; lastKnownFileType = sourcecode.swift; path = ConfigurationsWireframe.swift; sourceTree = "<group>"; };
		20C5305A1C6FEC31008D1056 /* ConfigurationsInteractor.swift */ = {isa = PBXFileReference; fileEncoding = 4; lastKnownFileType = sourcecode.swift; path = ConfigurationsInteractor.swift; sourceTree = "<group>"; };
		20C5305E1C6FEFF8008D1056 /* ConfigurationsPresenter.swift */ = {isa = PBXFileReference; fileEncoding = 4; lastKnownFileType = sourcecode.swift; path = ConfigurationsPresenter.swift; sourceTree = "<group>"; };
		20C530601C6FF1F5008D1056 /* ConfigurationsView.swift */ = {isa = PBXFileReference; fileEncoding = 4; lastKnownFileType = sourcecode.swift; path = ConfigurationsView.swift; sourceTree = "<group>"; };
		20C530631C6FFA48008D1056 /* TmdbConfiguration.swift */ = {isa = PBXFileReference; fileEncoding = 4; lastKnownFileType = sourcecode.swift; path = TmdbConfiguration.swift; sourceTree = "<group>"; };
		20C530651C6FFA8B008D1056 /* AppConfiguration.swift */ = {isa = PBXFileReference; fileEncoding = 4; lastKnownFileType = sourcecode.swift; path = AppConfiguration.swift; sourceTree = "<group>"; };
/* End PBXFileReference section */

/* Begin PBXFrameworksBuildPhase section */
		20A67FAE1C6F382D00898298 /* Frameworks */ = {
			isa = PBXFrameworksBuildPhase;
			buildActionMask = 2147483647;
			files = (
				20A680081C6F54C800898298 /* RxSwift.framework in Frameworks */,
				20A680091C6F54C800898298 /* RxCocoa.framework in Frameworks */,
			);
			runOnlyForDeploymentPostprocessing = 0;
		};
/* End PBXFrameworksBuildPhase section */

/* Begin PBXGroup section */
		20A67FA81C6F382D00898298 = {
			isa = PBXGroup;
			children = (
				20A6800A1C6F54CE00898298 /* Frameworks */,
				20A67FB31C6F382E00898298 /* ViperPrototype */,
				20A67FB21C6F382E00898298 /* Products */,
			);
			sourceTree = "<group>";
		};
		20A67FB21C6F382E00898298 /* Products */ = {
			isa = PBXGroup;
			children = (
				20A67FB11C6F382E00898298 /* ViperPrototype.app */,
			);
			name = Products;
			sourceTree = "<group>";
		};
		20A67FB31C6F382E00898298 /* ViperPrototype */ = {
			isa = PBXGroup;
			children = (
				20A67FC01C6F382E00898298 /* Info.plist */,
				20A67FB41C6F382E00898298 /* AppDelegate.swift */,
				20A67FC81C6F38BB00898298 /* Assets */,
				20C530621C6FFA48008D1056 /* Configuration */,
				20A67FCB1C6F3A5700898298 /* DataManager */,
				20A67FCC1C6F3A5700898298 /* Model */,
				20A67FC61C6F38A400898298 /* Modules */,
				20C530491C6FB983008D1056 /* Services */,
			);
			path = ViperPrototype;
			sourceTree = "<group>";
		};
		20A67FC61C6F38A400898298 /* Modules */ = {
			isa = PBXGroup;
			children = (
				20C530531C6FEC18008D1056 /* Configurations */,
				20A67FC71C6F38A400898298 /* MainMoviesList */,
				20A67FFD1C6F473C00898298 /* MovieDetail */,
			);
			path = Modules;
			sourceTree = "<group>";
		};
		20A67FC71C6F38A400898298 /* MainMoviesList */ = {
			isa = PBXGroup;
			children = (
				20A67FCE1C6F3A6100898298 /* Interactor */,
				20A67FCF1C6F3A6100898298 /* Presenter */,
				20A67FD01C6F3A6100898298 /* View */,
				20A67FDD1C6F3B1B00898298 /* Wireframe */,
			);
			path = MainMoviesList;
			sourceTree = "<group>";
		};
		20A67FC81C6F38BB00898298 /* Assets */ = {
			isa = PBXGroup;
			children = (
				20A67FB81C6F382E00898298 /* Main.storyboard */,
				20A67FBB1C6F382E00898298 /* Assets.xcassets */,
				20A67FBD1C6F382E00898298 /* LaunchScreen.storyboard */,
			);
			name = Assets;
			sourceTree = "<group>";
		};
		20A67FCB1C6F3A5700898298 /* DataManager */ = {
			isa = PBXGroup;
			children = (
				20A67FD91C6F3AD500898298 /* TmdbApiDataManager.swift */,
			);
			path = DataManager;
			sourceTree = "<group>";
		};
		20A67FCC1C6F3A5700898298 /* Model */ = {
			isa = PBXGroup;
			children = (
				20A67FD71C6F3AC600898298 /* Movie.swift */,
			);
			path = Model;
			sourceTree = "<group>";
		};
		20A67FCE1C6F3A6100898298 /* Interactor */ = {
			isa = PBXGroup;
			children = (
				20A67FD51C6F3AB800898298 /* MainMoviesListInteractor.swift */,
			);
			path = Interactor;
			sourceTree = "<group>";
		};
		20A67FCF1C6F3A6100898298 /* Presenter */ = {
			isa = PBXGroup;
			children = (
				20A67FD31C6F3AA900898298 /* MainMoviesListPresenter.swift */,
			);
			path = Presenter;
			sourceTree = "<group>";
		};
		20A67FD01C6F3A6100898298 /* View */ = {
			isa = PBXGroup;
			children = (
				20A680101C6F9E2500898298 /* MainMoviesListCell.swift */,
				20A67FD11C6F3A6100898298 /* MainMoviesListView.swift */,
				20A6800E1C6F8AE000898298 /* MainMoviesListViewModel.swift */,
			);
			path = View;
			sourceTree = "<group>";
		};
		20A67FDD1C6F3B1B00898298 /* Wireframe */ = {
			isa = PBXGroup;
			children = (
				20A67FDE1C6F3B2C00898298 /* MainMoviesListWireframe.swift */,
			);
			path = Wireframe;
			sourceTree = "<group>";
		};
		20A67FFD1C6F473C00898298 /* MovieDetail */ = {
			isa = PBXGroup;
			children = (
				20A67FFE1C6F473C00898298 /* Interactor */,
				20A67FFF1C6F473C00898298 /* Presenter */,
				20A680001C6F473C00898298 /* View */,
				20A680011C6F473C00898298 /* Wireframe */,
			);
			path = MovieDetail;
			sourceTree = "<group>";
		};
		20A67FFE1C6F473C00898298 /* Interactor */ = {
			isa = PBXGroup;
			children = (
			);
			path = Interactor;
			sourceTree = "<group>";
		};
		20A67FFF1C6F473C00898298 /* Presenter */ = {
			isa = PBXGroup;
			children = (
			);
			path = Presenter;
			sourceTree = "<group>";
		};
		20A680001C6F473C00898298 /* View */ = {
			isa = PBXGroup;
			children = (
				20A680021C6F476300898298 /* MovieDetailView.swift */,
			);
			path = View;
			sourceTree = "<group>";
		};
		20A680011C6F473C00898298 /* Wireframe */ = {
			isa = PBXGroup;
			children = (
				20A680041C6F47A800898298 /* MovieDetailWireframe.swift */,
			);
			path = Wireframe;
			sourceTree = "<group>";
		};
		20A6800A1C6F54CE00898298 /* Frameworks */ = {
			isa = PBXGroup;
			children = (
				20A680061C6F54C800898298 /* RxSwift.framework */,
				20A680071C6F54C800898298 /* RxCocoa.framework */,
			);
			name = Frameworks;
			sourceTree = "<group>";
		};
		20C530491C6FB983008D1056 /* Services */ = {
			isa = PBXGroup;
			children = (
				20C5304A1C6FB996008D1056 /* TmdbApiService.swift */,
				209C63AA1C88F23300B92560 /* ImagesService.swift */,
			);
			path = Services;
			sourceTree = "<group>";
		};
		20C530531C6FEC18008D1056 /* Configurations */ = {
			isa = PBXGroup;
			children = (
				20C530541C6FEC18008D1056 /* Interactor */,
				20C530551C6FEC18008D1056 /* Presenter */,
				20C530561C6FEC18008D1056 /* View */,
				20C530571C6FEC18008D1056 /* Wireframe */,
			);
			path = Configurations;
			sourceTree = "<group>";
		};
		20C530541C6FEC18008D1056 /* Interactor */ = {
			isa = PBXGroup;
			children = (
				20C5305A1C6FEC31008D1056 /* ConfigurationsInteractor.swift */,
			);
			path = Interactor;
			sourceTree = "<group>";
		};
		20C530551C6FEC18008D1056 /* Presenter */ = {
			isa = PBXGroup;
			children = (
				20C5305E1C6FEFF8008D1056 /* ConfigurationsPresenter.swift */,
			);
			path = Presenter;
			sourceTree = "<group>";
		};
		20C530561C6FEC18008D1056 /* View */ = {
			isa = PBXGroup;
			children = (
				20C530601C6FF1F5008D1056 /* ConfigurationsView.swift */,
			);
			path = View;
			sourceTree = "<group>";
		};
		20C530571C6FEC18008D1056 /* Wireframe */ = {
			isa = PBXGroup;
			children = (
				20C530581C6FEC18008D1056 /* ConfigurationsWireframe.swift */,
			);
			path = Wireframe;
			sourceTree = "<group>";
		};
		20C530621C6FFA48008D1056 /* Configuration */ = {
			isa = PBXGroup;
			children = (
				20C530631C6FFA48008D1056 /* TmdbConfiguration.swift */,
				20C530651C6FFA8B008D1056 /* AppConfiguration.swift */,
			);
			path = Configuration;
			sourceTree = "<group>";
		};
/* End PBXGroup section */

/* Begin PBXNativeTarget section */
		20A67FB01C6F382D00898298 /* ViperPrototype */ = {
			isa = PBXNativeTarget;
			buildConfigurationList = 20A67FC31C6F382E00898298 /* Build configuration list for PBXNativeTarget "ViperPrototype" */;
			buildPhases = (
				20A67FAD1C6F382D00898298 /* Sources */,
				20A67FAE1C6F382D00898298 /* Frameworks */,
				20A67FAF1C6F382D00898298 /* Resources */,
				20A6800B1C6F57AA00898298 /* CopyFiles */,
			);
			buildRules = (
			);
			dependencies = (
			);
			name = ViperPrototype;
			productName = ViperPrototype;
			productReference = 20A67FB11C6F382E00898298 /* ViperPrototype.app */;
			productType = "com.apple.product-type.application";
		};
/* End PBXNativeTarget section */

/* Begin PBXProject section */
		20A67FA91C6F382D00898298 /* Project object */ = {
			isa = PBXProject;
			attributes = {
				LastSwiftUpdateCheck = 0710;
				LastUpgradeCheck = 0710;
				ORGANIZATIONNAME = "Adriano Goncalves";
				TargetAttributes = {
					20A67FB01C6F382D00898298 = {
						CreatedOnToolsVersion = 7.1;
					};
				};
			};
			buildConfigurationList = 20A67FAC1C6F382D00898298 /* Build configuration list for PBXProject "ViperPrototype" */;
			compatibilityVersion = "Xcode 3.2";
			developmentRegion = English;
			hasScannedForEncodings = 0;
			knownRegions = (
				en,
				Base,
			);
			mainGroup = 20A67FA81C6F382D00898298;
			productRefGroup = 20A67FB21C6F382E00898298 /* Products */;
			projectDirPath = "";
			projectRoot = "";
			targets = (
				20A67FB01C6F382D00898298 /* ViperPrototype */,
			);
		};
/* End PBXProject section */

/* Begin PBXResourcesBuildPhase section */
		20A67FAF1C6F382D00898298 /* Resources */ = {
			isa = PBXResourcesBuildPhase;
			buildActionMask = 2147483647;
			files = (
				20A67FBF1C6F382E00898298 /* LaunchScreen.storyboard in Resources */,
				20A67FBC1C6F382E00898298 /* Assets.xcassets in Resources */,
				20A67FBA1C6F382E00898298 /* Main.storyboard in Resources */,
			);
			runOnlyForDeploymentPostprocessing = 0;
		};
/* End PBXResourcesBuildPhase section */

/* Begin PBXSourcesBuildPhase section */
		20A67FAD1C6F382D00898298 /* Sources */ = {
			isa = PBXSourcesBuildPhase;
			buildActionMask = 2147483647;
			files = (
				20C530661C6FFA8B008D1056 /* AppConfiguration.swift in Sources */,
				20A67FD61C6F3AB800898298 /* MainMoviesListInteractor.swift in Sources */,
				20C5304B1C6FB996008D1056 /* TmdbApiService.swift in Sources */,
				20A67FDA1C6F3AD500898298 /* TmdbApiDataManager.swift in Sources */,
				20C530641C6FFA48008D1056 /* TmdbConfiguration.swift in Sources */,
				20A67FD41C6F3AA900898298 /* MainMoviesListPresenter.swift in Sources */,
				20A67FD21C6F3A6100898298 /* MainMoviesListView.swift in Sources */,
				20A680111C6F9E2500898298 /* MainMoviesListCell.swift in Sources */,
				20A67FB51C6F382E00898298 /* AppDelegate.swift in Sources */,
				20C530611C6FF1F5008D1056 /* ConfigurationsView.swift in Sources */,
				20A680031C6F476300898298 /* MovieDetailView.swift in Sources */,
				20A6800F1C6F8AE000898298 /* MainMoviesListViewModel.swift in Sources */,
				20A680051C6F47A800898298 /* MovieDetailWireframe.swift in Sources */,
				20C5305F1C6FEFF8008D1056 /* ConfigurationsPresenter.swift in Sources */,
				20C530591C6FEC18008D1056 /* ConfigurationsWireframe.swift in Sources */,
				20C5305B1C6FEC31008D1056 /* ConfigurationsInteractor.swift in Sources */,
				20A67FD81C6F3AC600898298 /* Movie.swift in Sources */,
				20A67FDF1C6F3B2C00898298 /* MainMoviesListWireframe.swift in Sources */,
				209C63AB1C88F23300B92560 /* ImagesService.swift in Sources */,
			);
			runOnlyForDeploymentPostprocessing = 0;
		};
/* End PBXSourcesBuildPhase section */

/* Begin PBXVariantGroup section */
		20A67FB81C6F382E00898298 /* Main.storyboard */ = {
			isa = PBXVariantGroup;
			children = (
				20A67FB91C6F382E00898298 /* Base */,
			);
			name = Main.storyboard;
			sourceTree = "<group>";
		};
		20A67FBD1C6F382E00898298 /* LaunchScreen.storyboard */ = {
			isa = PBXVariantGroup;
			children = (
				20A67FBE1C6F382E00898298 /* Base */,
			);
			name = LaunchScreen.storyboard;
			sourceTree = "<group>";
		};
/* End PBXVariantGroup section */

/* Begin XCBuildConfiguration section */
		20A67FC11C6F382E00898298 /* Debug */ = {
			isa = XCBuildConfiguration;
			buildSettings = {
				ALWAYS_SEARCH_USER_PATHS = NO;
				CLANG_CXX_LANGUAGE_STANDARD = "gnu++0x";
				CLANG_CXX_LIBRARY = "libc++";
				CLANG_ENABLE_MODULES = YES;
				CLANG_ENABLE_OBJC_ARC = YES;
				CLANG_WARN_BOOL_CONVERSION = YES;
				CLANG_WARN_CONSTANT_CONVERSION = YES;
				CLANG_WARN_DIRECT_OBJC_ISA_USAGE = YES_ERROR;
				CLANG_WARN_EMPTY_BODY = YES;
				CLANG_WARN_ENUM_CONVERSION = YES;
				CLANG_WARN_INT_CONVERSION = YES;
				CLANG_WARN_OBJC_ROOT_CLASS = YES_ERROR;
				CLANG_WARN_UNREACHABLE_CODE = YES;
				CLANG_WARN__DUPLICATE_METHOD_MATCH = YES;
				"CODE_SIGN_IDENTITY[sdk=iphoneos*]" = "iPhone Developer";
				COPY_PHASE_STRIP = NO;
				DEBUG_INFORMATION_FORMAT = dwarf;
				ENABLE_STRICT_OBJC_MSGSEND = YES;
				ENABLE_TESTABILITY = YES;
				GCC_C_LANGUAGE_STANDARD = gnu99;
				GCC_DYNAMIC_NO_PIC = NO;
				GCC_NO_COMMON_BLOCKS = YES;
				GCC_OPTIMIZATION_LEVEL = 0;
				GCC_PREPROCESSOR_DEFINITIONS = (
					"DEBUG=1",
					"$(inherited)",
				);
				GCC_WARN_64_TO_32_BIT_CONVERSION = YES;
				GCC_WARN_ABOUT_RETURN_TYPE = YES_ERROR;
				GCC_WARN_UNDECLARED_SELECTOR = YES;
				GCC_WARN_UNINITIALIZED_AUTOS = YES_AGGRESSIVE;
				GCC_WARN_UNUSED_FUNCTION = YES;
				GCC_WARN_UNUSED_VARIABLE = YES;
				IPHONEOS_DEPLOYMENT_TARGET = 9.1;
				MTL_ENABLE_DEBUG_INFO = YES;
				ONLY_ACTIVE_ARCH = YES;
				SDKROOT = iphoneos;
				SWIFT_OPTIMIZATION_LEVEL = "-Onone";
			};
			name = Debug;
		};
		20A67FC21C6F382E00898298 /* Release */ = {
			isa = XCBuildConfiguration;
			buildSettings = {
				ALWAYS_SEARCH_USER_PATHS = NO;
				CLANG_CXX_LANGUAGE_STANDARD = "gnu++0x";
				CLANG_CXX_LIBRARY = "libc++";
				CLANG_ENABLE_MODULES = YES;
				CLANG_ENABLE_OBJC_ARC = YES;
				CLANG_WARN_BOOL_CONVERSION = YES;
				CLANG_WARN_CONSTANT_CONVERSION = YES;
				CLANG_WARN_DIRECT_OBJC_ISA_USAGE = YES_ERROR;
				CLANG_WARN_EMPTY_BODY = YES;
				CLANG_WARN_ENUM_CONVERSION = YES;
				CLANG_WARN_INT_CONVERSION = YES;
				CLANG_WARN_OBJC_ROOT_CLASS = YES_ERROR;
				CLANG_WARN_UNREACHABLE_CODE = YES;
				CLANG_WARN__DUPLICATE_METHOD_MATCH = YES;
				"CODE_SIGN_IDENTITY[sdk=iphoneos*]" = "iPhone Developer";
				COPY_PHASE_STRIP = NO;
				DEBUG_INFORMATION_FORMAT = "dwarf-with-dsym";
				ENABLE_NS_ASSERTIONS = NO;
				ENABLE_STRICT_OBJC_MSGSEND = YES;
				GCC_C_LANGUAGE_STANDARD = gnu99;
				GCC_NO_COMMON_BLOCKS = YES;
				GCC_WARN_64_TO_32_BIT_CONVERSION = YES;
				GCC_WARN_ABOUT_RETURN_TYPE = YES_ERROR;
				GCC_WARN_UNDECLARED_SELECTOR = YES;
				GCC_WARN_UNINITIALIZED_AUTOS = YES_AGGRESSIVE;
				GCC_WARN_UNUSED_FUNCTION = YES;
				GCC_WARN_UNUSED_VARIABLE = YES;
				IPHONEOS_DEPLOYMENT_TARGET = 9.1;
				MTL_ENABLE_DEBUG_INFO = NO;
				SDKROOT = iphoneos;
				VALIDATE_PRODUCT = YES;
			};
			name = Release;
		};
		20A67FC41C6F382E00898298 /* Debug */ = {
			isa = XCBuildConfiguration;
			buildSettings = {
				ASSETCATALOG_COMPILER_APPICON_NAME = AppIcon;
				FRAMEWORK_SEARCH_PATHS = (
					"$(inherited)",
					"$(PROJECT_DIR)/Carthage/Build/iOS",
				);
				INFOPLIST_FILE = ViperPrototype/Info.plist;
				LD_RUNPATH_SEARCH_PATHS = "$(inherited) @executable_path/Frameworks";
				PRODUCT_BUNDLE_IDENTIFIER = com.amg.ViperPrototype;
				PRODUCT_NAME = "$(TARGET_NAME)";
			};
			name = Debug;
		};
		20A67FC51C6F382E00898298 /* Release */ = {
			isa = XCBuildConfiguration;
			buildSettings = {
				ASSETCATALOG_COMPILER_APPICON_NAME = AppIcon;
				FRAMEWORK_SEARCH_PATHS = (
					"$(inherited)",
					"$(PROJECT_DIR)/Carthage/Build/iOS",
				);
				INFOPLIST_FILE = ViperPrototype/Info.plist;
				LD_RUNPATH_SEARCH_PATHS = "$(inherited) @executable_path/Frameworks";
				PRODUCT_BUNDLE_IDENTIFIER = com.amg.ViperPrototype;
				PRODUCT_NAME = "$(TARGET_NAME)";
			};
			name = Release;
		};
/* End XCBuildConfiguration section */

/* Begin XCConfigurationList section */
		20A67FAC1C6F382D00898298 /* Build configuration list for PBXProject "ViperPrototype" */ = {
			isa = XCConfigurationList;
			buildConfigurations = (
				20A67FC11C6F382E00898298 /* Debug */,
				20A67FC21C6F382E00898298 /* Release */,
			);
			defaultConfigurationIsVisible = 0;
			defaultConfigurationName = Release;
		};
		20A67FC31C6F382E00898298 /* Build configuration list for PBXNativeTarget "ViperPrototype" */ = {
			isa = XCConfigurationList;
			buildConfigurations = (
				20A67FC41C6F382E00898298 /* Debug */,
				20A67FC51C6F382E00898298 /* Release */,
			);
			defaultConfigurationIsVisible = 0;
			defaultConfigurationName = Release;
		};
/* End XCConfigurationList section */
	};
	rootObject = 20A67FA91C6F382D00898298 /* Project object */;
}
