// !$*UTF8*$!
{
	archiveVersion = 1;
	classes = {
	};
	objectVersion = 46;
	objects = {

/* Begin PBXBuildFile section */
		209C63AB1C88F23300B92560 /* ImagesService.swift in Sources */ = {isa = PBXBuildFile; fileRef = 209C63AA1C88F23300B92560 /* ImagesService.swift */; };
		20A67FB51C6F382E00898298 /* AppDelegate.swift in Sources */ = {isa = PBXBuildFile; fileRef = 20A67FB41C6F382E00898298 /* AppDelegate.swift */; };
		20A67FBA1C6F382E00898298 /* Main.storyboard in Resources */ = {isa = PBXBuildFile; fileRef = 20A67FB81C6F382E00898298 /* Main.storyboard */; };
		20A67FBC1C6F382E00898298 /* Assets.xcassets in Resources */ = {isa = PBXBuildFile; fileRef = 20A67FBB1C6F382E00898298 /* Assets.xcassets */; };
		20A67FBF1C6F382E00898298 /* LaunchScreen.storyboard in Resources */ = {isa = PBXBuildFile; fileRef = 20A67FBD1C6F382E00898298 /* LaunchScreen.storyboard */; };
		20A67FD21C6F3A6100898298 /* MainMoviesListView.swift in Sources */ = {isa = PBXBuildFile; fileRef = 20A67FD11C6F3A6100898298 /* MainMoviesListView.swift */; };
		20A67FD41C6F3AA900898298 /* MainMoviesListPresenter.swift in Sources */ = {isa = PBXBuildFile; fileRef = 20A67FD31C6F3AA900898298 /* MainMoviesListPresenter.swift */; };
		20A67FD61C6F3AB800898298 /* MainMoviesListInteractor.swift in Sources */ = {isa = PBXBuildFile; fileRef = 20A67FD51C6F3AB800898298 /* MainMoviesListInteractor.swift */; };
		20A67FD81C6F3AC600898298 /* Movie.swift in Sources */ = {isa = PBXBuildFile; fileRef = 20A67FD71C6F3AC600898298 /* Movie.swift */; };
		20A67FDA1C6F3AD500898298 /* TmdbApiDataManager.swift in Sources */ = {isa = PBXBuildFile; fileRef = 20A67FD91C6F3AD500898298 /* TmdbApiDataManager.swift */; };
		20A67FDF1C6F3B2C00898298 /* MainMoviesListWireframe.swift in Sources */ = {isa = PBXBuildFile; fileRef = 20A67FDE1C6F3B2C00898298 /* MainMoviesListWireframe.swift */; };
		20A680031C6F476300898298 /* MovieDetailView.swift in Sources */ = {isa = PBXBuildFile; fileRef = 20A680021C6F476300898298 /* MovieDetailView.swift */; };
		20A680051C6F47A800898298 /* MovieDetailWireframe.swift in Sources */ = {isa = PBXBuildFile; fileRef = 20A680041C6F47A800898298 /* MovieDetailWireframe.swift */; };
		20A6800F1C6F8AE000898298 /* MainMoviesListViewModel.swift in Sources */ = {isa = PBXBuildFile; fileRef = 20A6800E1C6F8AE000898298 /* MainMoviesListViewModel.swift */; };
		20A680111C6F9E2500898298 /* MainMoviesListCell.swift in Sources */ = {isa = PBXBuildFile; fileRef = 20A680101C6F9E2500898298 /* MainMoviesListCell.swift */; };
		20C5304B1C6FB996008D1056 /* TmdbApiService.swift in Sources */ = {isa = PBXBuildFile; fileRef = 20C5304A1C6FB996008D1056 /* TmdbApiService.swift */; };
		20C530591C6FEC18008D1056 /* ConfigurationsWireframe.swift in Sources */ = {isa = PBXBuildFile; fileRef = 20C530581C6FEC18008D1056 /* ConfigurationsWireframe.swift */; };
		20C5305B1C6FEC31008D1056 /* ConfigurationsInteractor.swift in Sources */ = {isa = PBXBuildFile; fileRef = 20C5305A1C6FEC31008D1056 /* ConfigurationsInteractor.swift */; };
		20C5305F1C6FEFF8008D1056 /* ConfigurationsPresenter.swift in Sources */ = {isa = PBXBuildFile; fileRef = 20C5305E1C6FEFF8008D1056 /* ConfigurationsPresenter.swift */; };
		20C530611C6FF1F5008D1056 /* ConfigurationsView.swift in Sources */ = {isa = PBXBuildFile; fileRef = 20C530601C6FF1F5008D1056 /* ConfigurationsView.swift */; };
		20C530641C6FFA48008D1056 /* TmdbConfiguration.swift in Sources */ = {isa = PBXBuildFile; fileRef = 20C530631C6FFA48008D1056 /* TmdbConfiguration.swift */; };
		20C530661C6FFA8B008D1056 /* AppConfiguration.swift in Sources */ = {isa = PBXBuildFile; fileRef = 20C530651C6FFA8B008D1056 /* AppConfiguration.swift */; };
		36350E151DEB1EBA0023DAA8 /* FeatherweightRouter.framework in Frameworks */ = {isa = PBXBuildFile; fileRef = 36350DF91DEB1E930023DAA8 /* FeatherweightRouter.framework */; };
		36350E161DEB1EBA0023DAA8 /* FeatherweightRouter.framework in CopyFiles */ = {isa = PBXBuildFile; fileRef = 36350DF91DEB1E930023DAA8 /* FeatherweightRouter.framework */; settings = {ATTRIBUTES = (CodeSignOnCopy, RemoveHeadersOnCopy, ); }; };
		36553BCE1DD5DD6B00E0E527 /* RxSwift.framework in Frameworks */ = {isa = PBXBuildFile; fileRef = 36553BA71DD5DD5F00E0E527 /* RxSwift.framework */; };
		36553BCF1DD5DD6B00E0E527 /* RxSwift.framework in CopyFiles */ = {isa = PBXBuildFile; fileRef = 36553BA71DD5DD5F00E0E527 /* RxSwift.framework */; settings = {ATTRIBUTES = (CodeSignOnCopy, RemoveHeadersOnCopy, ); }; };
		36553BD21DD5DD7300E0E527 /* RxCocoa.framework in Frameworks */ = {isa = PBXBuildFile; fileRef = 36553BAF1DD5DD5F00E0E527 /* RxCocoa.framework */; };
		36553BD31DD5DD7300E0E527 /* RxCocoa.framework in CopyFiles */ = {isa = PBXBuildFile; fileRef = 36553BAF1DD5DD5F00E0E527 /* RxCocoa.framework */; settings = {ATTRIBUTES = (CodeSignOnCopy, RemoveHeadersOnCopy, ); }; };
		367B0F5D1DEB0641005972E6 /* NewView.xib in Resources */ = {isa = PBXBuildFile; fileRef = 367B0F5C1DEB0641005972E6 /* NewView.xib */; };
		36B61D5C1DEAC16800358699 /* Cartfile in Resources */ = {isa = PBXBuildFile; fileRef = 36B61D5B1DEAC16800358699 /* Cartfile */; };
		36B61D5E1DEAC16F00358699 /* Cartfile.resolved in Resources */ = {isa = PBXBuildFile; fileRef = 36B61D5D1DEAC16F00358699 /* Cartfile.resolved */; };
		36BCF97D1DEACDC100A69B6A /* RxGesture.framework in Frameworks */ = {isa = PBXBuildFile; fileRef = 36BCF97A1DEACD6900A69B6A /* RxGesture.framework */; };
		36BCF97E1DEACDC100A69B6A /* RxGesture.framework in CopyFiles */ = {isa = PBXBuildFile; fileRef = 36BCF97A1DEACD6900A69B6A /* RxGesture.framework */; settings = {ATTRIBUTES = (CodeSignOnCopy, RemoveHeadersOnCopy, ); }; };
		36BCF99B1DEAF6C900A69B6A /* RxSegue.framework in Frameworks */ = {isa = PBXBuildFile; fileRef = 36BCF99A1DEAF6AA00A69B6A /* RxSegue.framework */; };
		36BCF99C1DEAF6C900A69B6A /* RxSegue.framework in CopyFiles */ = {isa = PBXBuildFile; fileRef = 36BCF99A1DEAF6AA00A69B6A /* RxSegue.framework */; settings = {ATTRIBUTES = (CodeSignOnCopy, RemoveHeadersOnCopy, ); }; };
/* End PBXBuildFile section */

/* Begin PBXContainerItemProxy section */
		36350DF81DEB1E930023DAA8 /* PBXContainerItemProxy */ = {
			isa = PBXContainerItemProxy;
			containerPortal = 36350DF01DEB1E930023DAA8 /* FeatherweightRouter.xcodeproj */;
			proxyType = 2;
			remoteGlobalIDString = 7349E73F1C3DD665004A507B;
			remoteInfo = "FeatherweightRouter-iOS";
		};
		36350DFA1DEB1E930023DAA8 /* PBXContainerItemProxy */ = {
			isa = PBXContainerItemProxy;
			containerPortal = 36350DF01DEB1E930023DAA8 /* FeatherweightRouter.xcodeproj */;
			proxyType = 2;
			remoteGlobalIDString = 7349E7781C3DD798004A507B;
			remoteInfo = "FeatherweightRouter-iOSTests";
		};
		36350DFC1DEB1E930023DAA8 /* PBXContainerItemProxy */ = {
			isa = PBXContainerItemProxy;
			containerPortal = 36350DF01DEB1E930023DAA8 /* FeatherweightRouter.xcodeproj */;
			proxyType = 2;
			remoteGlobalIDString = 737DF5A71D0D6EB200614CC0;
			remoteInfo = "FeatherweightRouter-macOS";
		};
		36350DFE1DEB1E930023DAA8 /* PBXContainerItemProxy */ = {
			isa = PBXContainerItemProxy;
			containerPortal = 36350DF01DEB1E930023DAA8 /* FeatherweightRouter.xcodeproj */;
			proxyType = 2;
			remoteGlobalIDString = 737DF5B01D0D6EB200614CC0;
			remoteInfo = "FeatherweightRouter-macOSTests";
		};
		36350E001DEB1E930023DAA8 /* PBXContainerItemProxy */ = {
			isa = PBXContainerItemProxy;
			containerPortal = 36350DF01DEB1E930023DAA8 /* FeatherweightRouter.xcodeproj */;
			proxyType = 2;
			remoteGlobalIDString = 7349E7991C3DD963004A507B;
			remoteInfo = "FeatherweightRouter-iOSDemo";
		};
		36350E171DEB1EBA0023DAA8 /* PBXContainerItemProxy */ = {
			isa = PBXContainerItemProxy;
			containerPortal = 36350DF01DEB1E930023DAA8 /* FeatherweightRouter.xcodeproj */;
			proxyType = 1;
			remoteGlobalIDString = 7349E73E1C3DD665004A507B;
			remoteInfo = "FeatherweightRouter-iOS";
		};
		36553BA61DD5DD5F00E0E527 /* PBXContainerItemProxy */ = {
			isa = PBXContainerItemProxy;
			containerPortal = 36553B8F1DD5DD5F00E0E527 /* Rx.xcodeproj */;
			proxyType = 2;
			remoteGlobalIDString = C8A56AD71AD7424700B4673B;
			remoteInfo = "RxSwift-iOS";
		};
		36553BA81DD5DD5F00E0E527 /* PBXContainerItemProxy */ = {
			isa = PBXContainerItemProxy;
			containerPortal = 36553B8F1DD5DD5F00E0E527 /* Rx.xcodeproj */;
			proxyType = 2;
			remoteGlobalIDString = C88BB8711B07E5ED0064D411;
			remoteInfo = "RxSwift-macOS";
		};
		36553BAA1DD5DD5F00E0E527 /* PBXContainerItemProxy */ = {
			isa = PBXContainerItemProxy;
			containerPortal = 36553B8F1DD5DD5F00E0E527 /* Rx.xcodeproj */;
			proxyType = 2;
			remoteGlobalIDString = D2EA280C1BB9B5A200880ED3;
			remoteInfo = "RxSwift-tvOS";
		};
		36553BAC1DD5DD5F00E0E527 /* PBXContainerItemProxy */ = {
			isa = PBXContainerItemProxy;
			containerPortal = 36553B8F1DD5DD5F00E0E527 /* Rx.xcodeproj */;
			proxyType = 2;
			remoteGlobalIDString = C8F0C0021BBBFB8B001B112F;
			remoteInfo = "RxSwift-watchOS";
		};
		36553BAE1DD5DD5F00E0E527 /* PBXContainerItemProxy */ = {
			isa = PBXContainerItemProxy;
			containerPortal = 36553B8F1DD5DD5F00E0E527 /* Rx.xcodeproj */;
			proxyType = 2;
			remoteGlobalIDString = C809396D1B8A71760088E94D;
			remoteInfo = "RxCocoa-iOS";
		};
		36553BB01DD5DD5F00E0E527 /* PBXContainerItemProxy */ = {
			isa = PBXContainerItemProxy;
			containerPortal = 36553B8F1DD5DD5F00E0E527 /* Rx.xcodeproj */;
			proxyType = 2;
			remoteGlobalIDString = C80939E71B8A71840088E94D;
			remoteInfo = "RxCocoa-macOS";
		};
		36553BB21DD5DD5F00E0E527 /* PBXContainerItemProxy */ = {
			isa = PBXContainerItemProxy;
			containerPortal = 36553B8F1DD5DD5F00E0E527 /* Rx.xcodeproj */;
			proxyType = 2;
			remoteGlobalIDString = D2138C751BB9BE9800339B5C;
			remoteInfo = "RxCocoa-tvOS";
		};
		36553BB41DD5DD5F00E0E527 /* PBXContainerItemProxy */ = {
			isa = PBXContainerItemProxy;
			containerPortal = 36553B8F1DD5DD5F00E0E527 /* Rx.xcodeproj */;
			proxyType = 2;
			remoteGlobalIDString = C8F0C04B1BBBFBB9001B112F;
			remoteInfo = "RxCocoa-watchOS";
		};
		36553BB61DD5DD5F00E0E527 /* PBXContainerItemProxy */ = {
			isa = PBXContainerItemProxy;
			containerPortal = 36553B8F1DD5DD5F00E0E527 /* Rx.xcodeproj */;
			proxyType = 2;
			remoteGlobalIDString = C8093BC71B8A71F00088E94D;
			remoteInfo = "RxBlocking-iOS";
		};
		36553BB81DD5DD5F00E0E527 /* PBXContainerItemProxy */ = {
			isa = PBXContainerItemProxy;
			containerPortal = 36553B8F1DD5DD5F00E0E527 /* Rx.xcodeproj */;
			proxyType = 2;
			remoteGlobalIDString = C8093C451B8A71FC0088E94D;
			remoteInfo = "RxBlocking-macOS";
		};
		36553BBA1DD5DD5F00E0E527 /* PBXContainerItemProxy */ = {
			isa = PBXContainerItemProxy;
			containerPortal = 36553B8F1DD5DD5F00E0E527 /* Rx.xcodeproj */;
			proxyType = 2;
			remoteGlobalIDString = D2EBEB811BB9B99D003A27DC;
			remoteInfo = "RxBlocking-tvOS";
		};
		36553BBC1DD5DD5F00E0E527 /* PBXContainerItemProxy */ = {
			isa = PBXContainerItemProxy;
			containerPortal = 36553B8F1DD5DD5F00E0E527 /* Rx.xcodeproj */;
			proxyType = 2;
			remoteGlobalIDString = C8F0C0581BBBFBCE001B112F;
			remoteInfo = "RxBlocking-watchOS";
		};
		36553BBE1DD5DD5F00E0E527 /* PBXContainerItemProxy */ = {
			isa = PBXContainerItemProxy;
			containerPortal = 36553B8F1DD5DD5F00E0E527 /* Rx.xcodeproj */;
			proxyType = 2;
			remoteGlobalIDString = C88FA50C1C25C44800CCFEA4;
			remoteInfo = "RxTest-iOS";
		};
		36553BC01DD5DD5F00E0E527 /* PBXContainerItemProxy */ = {
			isa = PBXContainerItemProxy;
			containerPortal = 36553B8F1DD5DD5F00E0E527 /* Rx.xcodeproj */;
			proxyType = 2;
			remoteGlobalIDString = C88FA51D1C25C4B500CCFEA4;
			remoteInfo = "RxTest-macOS";
		};
		36553BC21DD5DD5F00E0E527 /* PBXContainerItemProxy */ = {
			isa = PBXContainerItemProxy;
			containerPortal = 36553B8F1DD5DD5F00E0E527 /* Rx.xcodeproj */;
			proxyType = 2;
			remoteGlobalIDString = C88FA52E1C25C4C000CCFEA4;
			remoteInfo = "RxTest-tvOS";
		};
		36553BC41DD5DD5F00E0E527 /* PBXContainerItemProxy */ = {
			isa = PBXContainerItemProxy;
			containerPortal = 36553B8F1DD5DD5F00E0E527 /* Rx.xcodeproj */;
			proxyType = 2;
			remoteGlobalIDString = C88FA53F1C25C4CC00CCFEA4;
			remoteInfo = "RxTest-watchOS";
		};
		36553BC61DD5DD5F00E0E527 /* PBXContainerItemProxy */ = {
			isa = PBXContainerItemProxy;
			containerPortal = 36553B8F1DD5DD5F00E0E527 /* Rx.xcodeproj */;
			proxyType = 2;
			remoteGlobalIDString = C83508C31C386F6F0027C24C;
			remoteInfo = "AllTests-iOS";
		};
		36553BC81DD5DD5F00E0E527 /* PBXContainerItemProxy */ = {
			isa = PBXContainerItemProxy;
			containerPortal = 36553B8F1DD5DD5F00E0E527 /* Rx.xcodeproj */;
			proxyType = 2;
			remoteGlobalIDString = C83509841C38740E0027C24C;
			remoteInfo = "AllTests-tvOS";
		};
		36553BCA1DD5DD5F00E0E527 /* PBXContainerItemProxy */ = {
			isa = PBXContainerItemProxy;
			containerPortal = 36553B8F1DD5DD5F00E0E527 /* Rx.xcodeproj */;
			proxyType = 2;
			remoteGlobalIDString = C83509941C38742C0027C24C;
			remoteInfo = "AllTests-macOS";
		};
		36553BCC1DD5DD5F00E0E527 /* PBXContainerItemProxy */ = {
			isa = PBXContainerItemProxy;
			containerPortal = 36553B8F1DD5DD5F00E0E527 /* Rx.xcodeproj */;
			proxyType = 2;
			remoteGlobalIDString = C85BA04B1C3878740075D68E;
			remoteInfo = PerformanceTests;
		};
		36553BD01DD5DD6B00E0E527 /* PBXContainerItemProxy */ = {
			isa = PBXContainerItemProxy;
			containerPortal = 36553B8F1DD5DD5F00E0E527 /* Rx.xcodeproj */;
			proxyType = 1;
			remoteGlobalIDString = C8A56AD61AD7424700B4673B;
			remoteInfo = "RxSwift-iOS";
		};
		36553BD41DD5DD7300E0E527 /* PBXContainerItemProxy */ = {
			isa = PBXContainerItemProxy;
			containerPortal = 36553B8F1DD5DD5F00E0E527 /* Rx.xcodeproj */;
			proxyType = 1;
			remoteGlobalIDString = C80938F51B8A71760088E94D;
			remoteInfo = "RxCocoa-iOS";
		};
		36BCF9791DEACD6900A69B6A /* PBXContainerItemProxy */ = {
			isa = PBXContainerItemProxy;
			containerPortal = 36BCF9611DEACD6900A69B6A /* RxGesture.xcodeproj */;
			proxyType = 2;
			remoteGlobalIDString = 36B61D951DEAC8E900358699;
			remoteInfo = RxGesture;
		};
		36BCF97B1DEACD6900A69B6A /* PBXContainerItemProxy */ = {
			isa = PBXContainerItemProxy;
			containerPortal = 36BCF9611DEACD6900A69B6A /* RxGesture.xcodeproj */;
			proxyType = 2;
			remoteGlobalIDString = 36B61D9E1DEAC8E900358699;
			remoteInfo = RxGestureTests;
		};
		36BCF97F1DEACDC100A69B6A /* PBXContainerItemProxy */ = {
			isa = PBXContainerItemProxy;
			containerPortal = 36BCF9611DEACD6900A69B6A /* RxGesture.xcodeproj */;
			proxyType = 1;
			remoteGlobalIDString = 36B61D941DEAC8E900358699;
			remoteInfo = RxGesture;
		};
		36BCF9991DEAF6AA00A69B6A /* PBXContainerItemProxy */ = {
			isa = PBXContainerItemProxy;
			containerPortal = 36BCF9951DEAF6AA00A69B6A /* RxSegue.xcodeproj */;
			proxyType = 2;
			remoteGlobalIDString = 2242BE041CD0DB490072B9AA;
			remoteInfo = "RxSegue-iOS";
		};
		36BCF99D1DEAF6C900A69B6A /* PBXContainerItemProxy */ = {
			isa = PBXContainerItemProxy;
			containerPortal = 36BCF9951DEAF6AA00A69B6A /* RxSegue.xcodeproj */;
			proxyType = 1;
			remoteGlobalIDString = 2242BE031CD0DB490072B9AA;
			remoteInfo = "RxSegue-iOS";
		};
/* End PBXContainerItemProxy section */

/* Begin PBXCopyFilesBuildPhase section */
		20A6800B1C6F57AA00898298 /* CopyFiles */ = {
			isa = PBXCopyFilesBuildPhase;
			buildActionMask = 12;
			dstPath = "";
			dstSubfolderSpec = 10;
			files = (
				36BCF99C1DEAF6C900A69B6A /* RxSegue.framework in CopyFiles */,
				36553BD31DD5DD7300E0E527 /* RxCocoa.framework in CopyFiles */,
				36350E161DEB1EBA0023DAA8 /* FeatherweightRouter.framework in CopyFiles */,
				36553BCF1DD5DD6B00E0E527 /* RxSwift.framework in CopyFiles */,
				36BCF97E1DEACDC100A69B6A /* RxGesture.framework in CopyFiles */,
			);
			runOnlyForDeploymentPostprocessing = 0;
		};
/* End PBXCopyFilesBuildPhase section */

/* Begin PBXFileReference section */
		209C63AA1C88F23300B92560 /* ImagesService.swift */ = {isa = PBXFileReference; fileEncoding = 4; lastKnownFileType = sourcecode.swift; path = ImagesService.swift; sourceTree = "<group>"; };
		20A67FB11C6F382E00898298 /* ViperPrototype.app */ = {isa = PBXFileReference; explicitFileType = wrapper.application; includeInIndex = 0; path = ViperPrototype.app; sourceTree = BUILT_PRODUCTS_DIR; };
		20A67FB41C6F382E00898298 /* AppDelegate.swift */ = {isa = PBXFileReference; lastKnownFileType = sourcecode.swift; path = AppDelegate.swift; sourceTree = "<group>"; };
		20A67FB91C6F382E00898298 /* Base */ = {isa = PBXFileReference; lastKnownFileType = file.storyboard; name = Base; path = Base.lproj/Main.storyboard; sourceTree = "<group>"; };
		20A67FBB1C6F382E00898298 /* Assets.xcassets */ = {isa = PBXFileReference; lastKnownFileType = folder.assetcatalog; path = Assets.xcassets; sourceTree = "<group>"; };
		20A67FBE1C6F382E00898298 /* Base */ = {isa = PBXFileReference; lastKnownFileType = file.storyboard; name = Base; path = Base.lproj/LaunchScreen.storyboard; sourceTree = "<group>"; };
		20A67FC01C6F382E00898298 /* Info.plist */ = {isa = PBXFileReference; lastKnownFileType = text.plist.xml; path = Info.plist; sourceTree = "<group>"; };
		20A67FD11C6F3A6100898298 /* MainMoviesListView.swift */ = {isa = PBXFileReference; fileEncoding = 4; lastKnownFileType = sourcecode.swift; path = MainMoviesListView.swift; sourceTree = "<group>"; };
		20A67FD31C6F3AA900898298 /* MainMoviesListPresenter.swift */ = {isa = PBXFileReference; fileEncoding = 4; lastKnownFileType = sourcecode.swift; path = MainMoviesListPresenter.swift; sourceTree = "<group>"; };
		20A67FD51C6F3AB800898298 /* MainMoviesListInteractor.swift */ = {isa = PBXFileReference; fileEncoding = 4; lastKnownFileType = sourcecode.swift; path = MainMoviesListInteractor.swift; sourceTree = "<group>"; };
		20A67FD71C6F3AC600898298 /* Movie.swift */ = {isa = PBXFileReference; fileEncoding = 4; lastKnownFileType = sourcecode.swift; path = Movie.swift; sourceTree = "<group>"; };
		20A67FD91C6F3AD500898298 /* TmdbApiDataManager.swift */ = {isa = PBXFileReference; fileEncoding = 4; lastKnownFileType = sourcecode.swift; path = TmdbApiDataManager.swift; sourceTree = "<group>"; };
		20A67FDE1C6F3B2C00898298 /* MainMoviesListWireframe.swift */ = {isa = PBXFileReference; fileEncoding = 4; lastKnownFileType = sourcecode.swift; path = MainMoviesListWireframe.swift; sourceTree = "<group>"; };
		20A680021C6F476300898298 /* MovieDetailView.swift */ = {isa = PBXFileReference; fileEncoding = 4; lastKnownFileType = sourcecode.swift; path = MovieDetailView.swift; sourceTree = "<group>"; };
		20A680041C6F47A800898298 /* MovieDetailWireframe.swift */ = {isa = PBXFileReference; fileEncoding = 4; lastKnownFileType = sourcecode.swift; path = MovieDetailWireframe.swift; sourceTree = "<group>"; };
		20A6800E1C6F8AE000898298 /* MainMoviesListViewModel.swift */ = {isa = PBXFileReference; fileEncoding = 4; lastKnownFileType = sourcecode.swift; path = MainMoviesListViewModel.swift; sourceTree = "<group>"; };
		20A680101C6F9E2500898298 /* MainMoviesListCell.swift */ = {isa = PBXFileReference; fileEncoding = 4; lastKnownFileType = sourcecode.swift; path = MainMoviesListCell.swift; sourceTree = "<group>"; };
		20C5304A1C6FB996008D1056 /* TmdbApiService.swift */ = {isa = PBXFileReference; fileEncoding = 4; lastKnownFileType = sourcecode.swift; path = TmdbApiService.swift; sourceTree = "<group>"; };
		20C530581C6FEC18008D1056 /* ConfigurationsWireframe.swift */ = {isa = PBXFileReference; fileEncoding = 4; lastKnownFileType = sourcecode.swift; path = ConfigurationsWireframe.swift; sourceTree = "<group>"; };
		20C5305A1C6FEC31008D1056 /* ConfigurationsInteractor.swift */ = {isa = PBXFileReference; fileEncoding = 4; lastKnownFileType = sourcecode.swift; path = ConfigurationsInteractor.swift; sourceTree = "<group>"; };
		20C5305E1C6FEFF8008D1056 /* ConfigurationsPresenter.swift */ = {isa = PBXFileReference; fileEncoding = 4; lastKnownFileType = sourcecode.swift; path = ConfigurationsPresenter.swift; sourceTree = "<group>"; };
		20C530601C6FF1F5008D1056 /* ConfigurationsView.swift */ = {isa = PBXFileReference; fileEncoding = 4; lastKnownFileType = sourcecode.swift; path = ConfigurationsView.swift; sourceTree = "<group>"; };
		20C530631C6FFA48008D1056 /* TmdbConfiguration.swift */ = {isa = PBXFileReference; fileEncoding = 4; lastKnownFileType = sourcecode.swift; path = TmdbConfiguration.swift; sourceTree = "<group>"; };
		20C530651C6FFA8B008D1056 /* AppConfiguration.swift */ = {isa = PBXFileReference; fileEncoding = 4; lastKnownFileType = sourcecode.swift; path = AppConfiguration.swift; sourceTree = "<group>"; };
		36350DF01DEB1E930023DAA8 /* FeatherweightRouter.xcodeproj */ = {isa = PBXFileReference; lastKnownFileType = "wrapper.pb-project"; name = FeatherweightRouter.xcodeproj; path = Carthage/Checkouts/FeatherweightRouter/FeatherweightRouter.xcodeproj; sourceTree = "<group>"; };
		36553B8F1DD5DD5F00E0E527 /* Rx.xcodeproj */ = {isa = PBXFileReference; lastKnownFileType = "wrapper.pb-project"; name = Rx.xcodeproj; path = Carthage/Checkouts/RxSwift/Rx.xcodeproj; sourceTree = "<group>"; };
		367B0F5C1DEB0641005972E6 /* NewView.xib */ = {isa = PBXFileReference; fileEncoding = 4; lastKnownFileType = file.xib; path = NewView.xib; sourceTree = "<group>"; };
		36B61D5B1DEAC16800358699 /* Cartfile */ = {isa = PBXFileReference; fileEncoding = 4; lastKnownFileType = text; path = Cartfile; sourceTree = "<group>"; };
		36B61D5D1DEAC16F00358699 /* Cartfile.resolved */ = {isa = PBXFileReference; fileEncoding = 4; lastKnownFileType = text; path = Cartfile.resolved; sourceTree = "<group>"; };
		36BCF9611DEACD6900A69B6A /* RxGesture.xcodeproj */ = {isa = PBXFileReference; lastKnownFileType = "wrapper.pb-project"; name = RxGesture.xcodeproj; path = Carthage/Checkouts/RxGesture/RxGesture/RxGesture.xcodeproj; sourceTree = "<group>"; };
		36BCF9951DEAF6AA00A69B6A /* RxSegue.xcodeproj */ = {isa = PBXFileReference; lastKnownFileType = "wrapper.pb-project"; name = RxSegue.xcodeproj; path = Carthage/Checkouts/RxSegue/RxSegue.xcodeproj; sourceTree = "<group>"; };
		36BCF9A01DEAF7D700A69B6A /* VIPER.playground */ = {isa = PBXFileReference; lastKnownFileType = file.playground; path = VIPER.playground; sourceTree = "<group>"; };
/* End PBXFileReference section */

/* Begin PBXFrameworksBuildPhase section */
		20A67FAE1C6F382D00898298 /* Frameworks */ = {
			isa = PBXFrameworksBuildPhase;
			buildActionMask = 2147483647;
			files = (
				36BCF99B1DEAF6C900A69B6A /* RxSegue.framework in Frameworks */,
				36553BD21DD5DD7300E0E527 /* RxCocoa.framework in Frameworks */,
				36350E151DEB1EBA0023DAA8 /* FeatherweightRouter.framework in Frameworks */,
				36553BCE1DD5DD6B00E0E527 /* RxSwift.framework in Frameworks */,
				36BCF97D1DEACDC100A69B6A /* RxGesture.framework in Frameworks */,
			);
			runOnlyForDeploymentPostprocessing = 0;
		};
/* End PBXFrameworksBuildPhase section */

/* Begin PBXGroup section */
		20A67FA81C6F382D00898298 = {
			isa = PBXGroup;
			children = (
				36B61D481DEAC14D00358699 /* Config */,
				20A6800A1C6F54CE00898298 /* Frameworks */,
				20A67FB31C6F382E00898298 /* ViperPrototype */,
				20A67FB21C6F382E00898298 /* Products */,
				36BCF99F1DEAF7AC00A69B6A /* Playgrounds */,
			);
			sourceTree = "<group>";
		};
		20A67FB21C6F382E00898298 /* Products */ = {
			isa = PBXGroup;
			children = (
				20A67FB11C6F382E00898298 /* ViperPrototype.app */,
			);
			name = Products;
			sourceTree = "<group>";
		};
		20A67FB31C6F382E00898298 /* ViperPrototype */ = {
			isa = PBXGroup;
			children = (
				20A67FC01C6F382E00898298 /* Info.plist */,
				20A67FB41C6F382E00898298 /* AppDelegate.swift */,
				20A67FC81C6F38BB00898298 /* Assets */,
				20C530621C6FFA48008D1056 /* Configuration */,
				20A67FCB1C6F3A5700898298 /* DataManager */,
				20A67FCC1C6F3A5700898298 /* Model */,
				20A67FC61C6F38A400898298 /* Modules */,
				20C530491C6FB983008D1056 /* Services */,
				367B0F5C1DEB0641005972E6 /* NewView.xib */,
			);
			path = ViperPrototype;
			sourceTree = "<group>";
		};
		20A67FC61C6F38A400898298 /* Modules */ = {
			isa = PBXGroup;
			children = (
				20C530531C6FEC18008D1056 /* Configurations */,
				20A67FC71C6F38A400898298 /* MainMoviesList */,
				20A67FFD1C6F473C00898298 /* MovieDetail */,
			);
			path = Modules;
			sourceTree = "<group>";
		};
		20A67FC71C6F38A400898298 /* MainMoviesList */ = {
			isa = PBXGroup;
			children = (
				20A67FCE1C6F3A6100898298 /* Interactor */,
				20A67FCF1C6F3A6100898298 /* Presenter */,
				20A67FD01C6F3A6100898298 /* View */,
				20A67FDD1C6F3B1B00898298 /* Wireframe */,
			);
			path = MainMoviesList;
			sourceTree = "<group>";
		};
		20A67FC81C6F38BB00898298 /* Assets */ = {
			isa = PBXGroup;
			children = (
				20A67FB81C6F382E00898298 /* Main.storyboard */,
				20A67FBB1C6F382E00898298 /* Assets.xcassets */,
				20A67FBD1C6F382E00898298 /* LaunchScreen.storyboard */,
			);
			name = Assets;
			sourceTree = "<group>";
		};
		20A67FCB1C6F3A5700898298 /* DataManager */ = {
			isa = PBXGroup;
			children = (
				20A67FD91C6F3AD500898298 /* TmdbApiDataManager.swift */,
			);
			path = DataManager;
			sourceTree = "<group>";
		};
		20A67FCC1C6F3A5700898298 /* Model */ = {
			isa = PBXGroup;
			children = (
				20A67FD71C6F3AC600898298 /* Movie.swift */,
			);
			path = Model;
			sourceTree = "<group>";
		};
		20A67FCE1C6F3A6100898298 /* Interactor */ = {
			isa = PBXGroup;
			children = (
				20A67FD51C6F3AB800898298 /* MainMoviesListInteractor.swift */,
			);
			path = Interactor;
			sourceTree = "<group>";
		};
		20A67FCF1C6F3A6100898298 /* Presenter */ = {
			isa = PBXGroup;
			children = (
				20A67FD31C6F3AA900898298 /* MainMoviesListPresenter.swift */,
			);
			path = Presenter;
			sourceTree = "<group>";
		};
		20A67FD01C6F3A6100898298 /* View */ = {
			isa = PBXGroup;
			children = (
				20A680101C6F9E2500898298 /* MainMoviesListCell.swift */,
				20A67FD11C6F3A6100898298 /* MainMoviesListView.swift */,
				20A6800E1C6F8AE000898298 /* MainMoviesListViewModel.swift */,
			);
			path = View;
			sourceTree = "<group>";
		};
		20A67FDD1C6F3B1B00898298 /* Wireframe */ = {
			isa = PBXGroup;
			children = (
				20A67FDE1C6F3B2C00898298 /* MainMoviesListWireframe.swift */,
			);
			path = Wireframe;
			sourceTree = "<group>";
		};
		20A67FFD1C6F473C00898298 /* MovieDetail */ = {
			isa = PBXGroup;
			children = (
				20A67FFE1C6F473C00898298 /* Interactor */,
				20A67FFF1C6F473C00898298 /* Presenter */,
				20A680001C6F473C00898298 /* View */,
				20A680011C6F473C00898298 /* Wireframe */,
			);
			path = MovieDetail;
			sourceTree = "<group>";
		};
		20A67FFE1C6F473C00898298 /* Interactor */ = {
			isa = PBXGroup;
			children = (
			);
			path = Interactor;
			sourceTree = "<group>";
		};
		20A67FFF1C6F473C00898298 /* Presenter */ = {
			isa = PBXGroup;
			children = (
			);
			path = Presenter;
			sourceTree = "<group>";
		};
		20A680001C6F473C00898298 /* View */ = {
			isa = PBXGroup;
			children = (
				20A680021C6F476300898298 /* MovieDetailView.swift */,
			);
			path = View;
			sourceTree = "<group>";
		};
		20A680011C6F473C00898298 /* Wireframe */ = {
			isa = PBXGroup;
			children = (
				20A680041C6F47A800898298 /* MovieDetailWireframe.swift */,
			);
			path = Wireframe;
			sourceTree = "<group>";
		};
		20A6800A1C6F54CE00898298 /* Frameworks */ = {
			isa = PBXGroup;
			children = (
				36350DF01DEB1E930023DAA8 /* FeatherweightRouter.xcodeproj */,
				36BCF9951DEAF6AA00A69B6A /* RxSegue.xcodeproj */,
				36BCF9611DEACD6900A69B6A /* RxGesture.xcodeproj */,
				36553B8F1DD5DD5F00E0E527 /* Rx.xcodeproj */,
			);
			name = Frameworks;
			sourceTree = "<group>";
		};
		20C530491C6FB983008D1056 /* Services */ = {
			isa = PBXGroup;
			children = (
				20C5304A1C6FB996008D1056 /* TmdbApiService.swift */,
				209C63AA1C88F23300B92560 /* ImagesService.swift */,
			);
			path = Services;
			sourceTree = "<group>";
		};
		20C530531C6FEC18008D1056 /* Configurations */ = {
			isa = PBXGroup;
			children = (
				20C530541C6FEC18008D1056 /* Interactor */,
				20C530551C6FEC18008D1056 /* Presenter */,
				20C530561C6FEC18008D1056 /* View */,
				20C530571C6FEC18008D1056 /* Wireframe */,
			);
			path = Configurations;
			sourceTree = "<group>";
		};
		20C530541C6FEC18008D1056 /* Interactor */ = {
			isa = PBXGroup;
			children = (
				20C5305A1C6FEC31008D1056 /* ConfigurationsInteractor.swift */,
			);
			path = Interactor;
			sourceTree = "<group>";
		};
		20C530551C6FEC18008D1056 /* Presenter */ = {
			isa = PBXGroup;
			children = (
				20C5305E1C6FEFF8008D1056 /* ConfigurationsPresenter.swift */,
			);
			path = Presenter;
			sourceTree = "<group>";
		};
		20C530561C6FEC18008D1056 /* View */ = {
			isa = PBXGroup;
			children = (
				20C530601C6FF1F5008D1056 /* ConfigurationsView.swift */,
			);
			path = View;
			sourceTree = "<group>";
		};
		20C530571C6FEC18008D1056 /* Wireframe */ = {
			isa = PBXGroup;
			children = (
				20C530581C6FEC18008D1056 /* ConfigurationsWireframe.swift */,
			);
			path = Wireframe;
			sourceTree = "<group>";
		};
		20C530621C6FFA48008D1056 /* Configuration */ = {
			isa = PBXGroup;
			children = (
				20C530631C6FFA48008D1056 /* TmdbConfiguration.swift */,
				20C530651C6FFA8B008D1056 /* AppConfiguration.swift */,
			);
			path = Configuration;
			sourceTree = "<group>";
		};
		36350DF11DEB1E930023DAA8 /* Products */ = {
			isa = PBXGroup;
			children = (
				36350DF91DEB1E930023DAA8 /* FeatherweightRouter.framework */,
				36350DFB1DEB1E930023DAA8 /* FeatherweightRouterTests.xctest */,
				36350DFD1DEB1E930023DAA8 /* FeatherweightRouter.framework */,
				36350DFF1DEB1E930023DAA8 /* FeatherweightRouterTests-macOS.xctest */,
				36350E011DEB1E930023DAA8 /* FeatherweightRouterDemo.app */,
			);
			name = Products;
			sourceTree = "<group>";
		};
		36553B901DD5DD5F00E0E527 /* Products */ = {
			isa = PBXGroup;
			children = (
				36553BA71DD5DD5F00E0E527 /* RxSwift.framework */,
				36553BA91DD5DD5F00E0E527 /* RxSwift.framework */,
				36553BAB1DD5DD5F00E0E527 /* RxSwift.framework */,
				36553BAD1DD5DD5F00E0E527 /* RxSwift.framework */,
				36553BAF1DD5DD5F00E0E527 /* RxCocoa.framework */,
				36553BB11DD5DD5F00E0E527 /* RxCocoa.framework */,
				36553BB31DD5DD5F00E0E527 /* RxCocoa.framework */,
				36553BB51DD5DD5F00E0E527 /* RxCocoa.framework */,
				36553BB71DD5DD5F00E0E527 /* RxBlocking.framework */,
				36553BB91DD5DD5F00E0E527 /* RxBlocking.framework */,
				36553BBB1DD5DD5F00E0E527 /* RxBlocking.framework */,
				36553BBD1DD5DD5F00E0E527 /* RxBlocking.framework */,
				36553BBF1DD5DD5F00E0E527 /* RxTest.framework */,
				36553BC11DD5DD5F00E0E527 /* RxTest.framework */,
				36553BC31DD5DD5F00E0E527 /* RxTest.framework */,
				36553BC51DD5DD5F00E0E527 /* RxTest.framework */,
				36553BC71DD5DD5F00E0E527 /* AllTests-iOS.xctest */,
				36553BC91DD5DD5F00E0E527 /* AllTests-tvOS.xctest */,
				36553BCB1DD5DD5F00E0E527 /* AllTests-macOS.xctest */,
				36553BCD1DD5DD5F00E0E527 /* PerformanceTests.app */,
			);
			name = Products;
			sourceTree = "<group>";
		};
		36B61D481DEAC14D00358699 /* Config */ = {
			isa = PBXGroup;
			children = (
				36B61D5B1DEAC16800358699 /* Cartfile */,
				36B61D5D1DEAC16F00358699 /* Cartfile.resolved */,
			);
			name = Config;
			sourceTree = "<group>";
		};
		36BCF9621DEACD6900A69B6A /* Products */ = {
			isa = PBXGroup;
			children = (
				36BCF97A1DEACD6900A69B6A /* RxGesture.framework */,
				36BCF97C1DEACD6900A69B6A /* RxGestureTests.xctest */,
			);
			name = Products;
			sourceTree = "<group>";
		};
		36BCF9961DEAF6AA00A69B6A /* Products */ = {
			isa = PBXGroup;
			children = (
				36BCF99A1DEAF6AA00A69B6A /* RxSegue.framework */,
			);
			name = Products;
			sourceTree = "<group>";
		};
		36BCF99F1DEAF7AC00A69B6A /* Playgrounds */ = {
			isa = PBXGroup;
			children = (
				36BCF9A01DEAF7D700A69B6A /* VIPER.playground */,
			);
			name = Playgrounds;
			sourceTree = "<group>";
		};
/* End PBXGroup section */

/* Begin PBXNativeTarget section */
		20A67FB01C6F382D00898298 /* ViperPrototype */ = {
			isa = PBXNativeTarget;
			buildConfigurationList = 20A67FC31C6F382E00898298 /* Build configuration list for PBXNativeTarget "ViperPrototype" */;
			buildPhases = (
				20A67FAD1C6F382D00898298 /* Sources */,
				20A67FAE1C6F382D00898298 /* Frameworks */,
				20A67FAF1C6F382D00898298 /* Resources */,
				20A6800B1C6F57AA00898298 /* CopyFiles */,
			);
			buildRules = (
			);
			dependencies = (
				36553BD11DD5DD6B00E0E527 /* PBXTargetDependency */,
				36553BD51DD5DD7300E0E527 /* PBXTargetDependency */,
				36BCF9801DEACDC100A69B6A /* PBXTargetDependency */,
				36BCF99E1DEAF6C900A69B6A /* PBXTargetDependency */,
				36350E181DEB1EBA0023DAA8 /* PBXTargetDependency */,
			);
			name = ViperPrototype;
			productName = ViperPrototype;
			productReference = 20A67FB11C6F382E00898298 /* ViperPrototype.app */;
			productType = "com.apple.product-type.application";
		};
/* End PBXNativeTarget section */

/* Begin PBXProject section */
		20A67FA91C6F382D00898298 /* Project object */ = {
			isa = PBXProject;
			attributes = {
				LastSwiftUpdateCheck = 0710;
				LastUpgradeCheck = 0810;
				ORGANIZATIONNAME = "Adriano Goncalves";
				TargetAttributes = {
					20A67FB01C6F382D00898298 = {
						CreatedOnToolsVersion = 7.1;
						LastSwiftMigration = 0810;
						ProvisioningStyle = Automatic;
					};
				};
			};
			buildConfigurationList = 20A67FAC1C6F382D00898298 /* Build configuration list for PBXProject "ViperPrototype" */;
			compatibilityVersion = "Xcode 3.2";
			developmentRegion = English;
			hasScannedForEncodings = 0;
			knownRegions = (
				en,
				Base,
			);
			mainGroup = 20A67FA81C6F382D00898298;
			productRefGroup = 20A67FB21C6F382E00898298 /* Products */;
			projectDirPath = "";
			projectReferences = (
				{
					ProductGroup = 36350DF11DEB1E930023DAA8 /* Products */;
					ProjectRef = 36350DF01DEB1E930023DAA8 /* FeatherweightRouter.xcodeproj */;
				},
				{
					ProductGroup = 36553B901DD5DD5F00E0E527 /* Products */;
					ProjectRef = 36553B8F1DD5DD5F00E0E527 /* Rx.xcodeproj */;
				},
				{
					ProductGroup = 36BCF9621DEACD6900A69B6A /* Products */;
					ProjectRef = 36BCF9611DEACD6900A69B6A /* RxGesture.xcodeproj */;
				},
				{
					ProductGroup = 36BCF9961DEAF6AA00A69B6A /* Products */;
					ProjectRef = 36BCF9951DEAF6AA00A69B6A /* RxSegue.xcodeproj */;
				},
			);
			projectRoot = "";
			targets = (
				20A67FB01C6F382D00898298 /* ViperPrototype */,
			);
		};
/* End PBXProject section */

/* Begin PBXReferenceProxy section */
		36350DF91DEB1E930023DAA8 /* FeatherweightRouter.framework */ = {
			isa = PBXReferenceProxy;
			fileType = wrapper.framework;
			path = FeatherweightRouter.framework;
			remoteRef = 36350DF81DEB1E930023DAA8 /* PBXContainerItemProxy */;
			sourceTree = BUILT_PRODUCTS_DIR;
		};
		36350DFB1DEB1E930023DAA8 /* FeatherweightRouterTests.xctest */ = {
			isa = PBXReferenceProxy;
			fileType = wrapper.cfbundle;
			path = FeatherweightRouterTests.xctest;
			remoteRef = 36350DFA1DEB1E930023DAA8 /* PBXContainerItemProxy */;
			sourceTree = BUILT_PRODUCTS_DIR;
		};
		36350DFD1DEB1E930023DAA8 /* FeatherweightRouter.framework */ = {
			isa = PBXReferenceProxy;
			fileType = wrapper.framework;
			path = FeatherweightRouter.framework;
			remoteRef = 36350DFC1DEB1E930023DAA8 /* PBXContainerItemProxy */;
			sourceTree = BUILT_PRODUCTS_DIR;
		};
		36350DFF1DEB1E930023DAA8 /* FeatherweightRouterTests-macOS.xctest */ = {
			isa = PBXReferenceProxy;
			fileType = wrapper.cfbundle;
			path = "FeatherweightRouterTests-macOS.xctest";
			remoteRef = 36350DFE1DEB1E930023DAA8 /* PBXContainerItemProxy */;
			sourceTree = BUILT_PRODUCTS_DIR;
		};
		36350E011DEB1E930023DAA8 /* FeatherweightRouterDemo.app */ = {
			isa = PBXReferenceProxy;
			fileType = wrapper.application;
			path = FeatherweightRouterDemo.app;
			remoteRef = 36350E001DEB1E930023DAA8 /* PBXContainerItemProxy */;
			sourceTree = BUILT_PRODUCTS_DIR;
		};
		36553BA71DD5DD5F00E0E527 /* RxSwift.framework */ = {
			isa = PBXReferenceProxy;
			fileType = wrapper.framework;
			path = RxSwift.framework;
			remoteRef = 36553BA61DD5DD5F00E0E527 /* PBXContainerItemProxy */;
			sourceTree = BUILT_PRODUCTS_DIR;
		};
		36553BA91DD5DD5F00E0E527 /* RxSwift.framework */ = {
			isa = PBXReferenceProxy;
			fileType = wrapper.framework;
			path = RxSwift.framework;
			remoteRef = 36553BA81DD5DD5F00E0E527 /* PBXContainerItemProxy */;
			sourceTree = BUILT_PRODUCTS_DIR;
		};
		36553BAB1DD5DD5F00E0E527 /* RxSwift.framework */ = {
			isa = PBXReferenceProxy;
			fileType = wrapper.framework;
			path = RxSwift.framework;
			remoteRef = 36553BAA1DD5DD5F00E0E527 /* PBXContainerItemProxy */;
			sourceTree = BUILT_PRODUCTS_DIR;
		};
		36553BAD1DD5DD5F00E0E527 /* RxSwift.framework */ = {
			isa = PBXReferenceProxy;
			fileType = wrapper.framework;
			path = RxSwift.framework;
			remoteRef = 36553BAC1DD5DD5F00E0E527 /* PBXContainerItemProxy */;
			sourceTree = BUILT_PRODUCTS_DIR;
		};
		36553BAF1DD5DD5F00E0E527 /* RxCocoa.framework */ = {
			isa = PBXReferenceProxy;
			fileType = wrapper.framework;
			path = RxCocoa.framework;
			remoteRef = 36553BAE1DD5DD5F00E0E527 /* PBXContainerItemProxy */;
			sourceTree = BUILT_PRODUCTS_DIR;
		};
		36553BB11DD5DD5F00E0E527 /* RxCocoa.framework */ = {
			isa = PBXReferenceProxy;
			fileType = wrapper.framework;
			path = RxCocoa.framework;
			remoteRef = 36553BB01DD5DD5F00E0E527 /* PBXContainerItemProxy */;
			sourceTree = BUILT_PRODUCTS_DIR;
		};
		36553BB31DD5DD5F00E0E527 /* RxCocoa.framework */ = {
			isa = PBXReferenceProxy;
			fileType = wrapper.framework;
			path = RxCocoa.framework;
			remoteRef = 36553BB21DD5DD5F00E0E527 /* PBXContainerItemProxy */;
			sourceTree = BUILT_PRODUCTS_DIR;
		};
		36553BB51DD5DD5F00E0E527 /* RxCocoa.framework */ = {
			isa = PBXReferenceProxy;
			fileType = wrapper.framework;
			path = RxCocoa.framework;
			remoteRef = 36553BB41DD5DD5F00E0E527 /* PBXContainerItemProxy */;
			sourceTree = BUILT_PRODUCTS_DIR;
		};
		36553BB71DD5DD5F00E0E527 /* RxBlocking.framework */ = {
			isa = PBXReferenceProxy;
			fileType = wrapper.framework;
			path = RxBlocking.framework;
			remoteRef = 36553BB61DD5DD5F00E0E527 /* PBXContainerItemProxy */;
			sourceTree = BUILT_PRODUCTS_DIR;
		};
		36553BB91DD5DD5F00E0E527 /* RxBlocking.framework */ = {
			isa = PBXReferenceProxy;
			fileType = wrapper.framework;
			path = RxBlocking.framework;
			remoteRef = 36553BB81DD5DD5F00E0E527 /* PBXContainerItemProxy */;
			sourceTree = BUILT_PRODUCTS_DIR;
		};
		36553BBB1DD5DD5F00E0E527 /* RxBlocking.framework */ = {
			isa = PBXReferenceProxy;
			fileType = wrapper.framework;
			path = RxBlocking.framework;
			remoteRef = 36553BBA1DD5DD5F00E0E527 /* PBXContainerItemProxy */;
			sourceTree = BUILT_PRODUCTS_DIR;
		};
		36553BBD1DD5DD5F00E0E527 /* RxBlocking.framework */ = {
			isa = PBXReferenceProxy;
			fileType = wrapper.framework;
			path = RxBlocking.framework;
			remoteRef = 36553BBC1DD5DD5F00E0E527 /* PBXContainerItemProxy */;
			sourceTree = BUILT_PRODUCTS_DIR;
		};
		36553BBF1DD5DD5F00E0E527 /* RxTest.framework */ = {
			isa = PBXReferenceProxy;
			fileType = wrapper.framework;
			path = RxTest.framework;
			remoteRef = 36553BBE1DD5DD5F00E0E527 /* PBXContainerItemProxy */;
			sourceTree = BUILT_PRODUCTS_DIR;
		};
		36553BC11DD5DD5F00E0E527 /* RxTest.framework */ = {
			isa = PBXReferenceProxy;
			fileType = wrapper.framework;
			path = RxTest.framework;
			remoteRef = 36553BC01DD5DD5F00E0E527 /* PBXContainerItemProxy */;
			sourceTree = BUILT_PRODUCTS_DIR;
		};
		36553BC31DD5DD5F00E0E527 /* RxTest.framework */ = {
			isa = PBXReferenceProxy;
			fileType = wrapper.framework;
			path = RxTest.framework;
			remoteRef = 36553BC21DD5DD5F00E0E527 /* PBXContainerItemProxy */;
			sourceTree = BUILT_PRODUCTS_DIR;
		};
		36553BC51DD5DD5F00E0E527 /* RxTest.framework */ = {
			isa = PBXReferenceProxy;
			fileType = wrapper.framework;
			path = RxTest.framework;
			remoteRef = 36553BC41DD5DD5F00E0E527 /* PBXContainerItemProxy */;
			sourceTree = BUILT_PRODUCTS_DIR;
		};
		36553BC71DD5DD5F00E0E527 /* AllTests-iOS.xctest */ = {
			isa = PBXReferenceProxy;
			fileType = wrapper.cfbundle;
			path = "AllTests-iOS.xctest";
			remoteRef = 36553BC61DD5DD5F00E0E527 /* PBXContainerItemProxy */;
			sourceTree = BUILT_PRODUCTS_DIR;
		};
		36553BC91DD5DD5F00E0E527 /* AllTests-tvOS.xctest */ = {
			isa = PBXReferenceProxy;
			fileType = wrapper.cfbundle;
			path = "AllTests-tvOS.xctest";
			remoteRef = 36553BC81DD5DD5F00E0E527 /* PBXContainerItemProxy */;
			sourceTree = BUILT_PRODUCTS_DIR;
		};
		36553BCB1DD5DD5F00E0E527 /* AllTests-macOS.xctest */ = {
			isa = PBXReferenceProxy;
			fileType = wrapper.cfbundle;
			path = "AllTests-macOS.xctest";
			remoteRef = 36553BCA1DD5DD5F00E0E527 /* PBXContainerItemProxy */;
			sourceTree = BUILT_PRODUCTS_DIR;
		};
		36553BCD1DD5DD5F00E0E527 /* PerformanceTests.app */ = {
			isa = PBXReferenceProxy;
			fileType = wrapper.application;
			path = PerformanceTests.app;
			remoteRef = 36553BCC1DD5DD5F00E0E527 /* PBXContainerItemProxy */;
			sourceTree = BUILT_PRODUCTS_DIR;
		};
		36BCF97A1DEACD6900A69B6A /* RxGesture.framework */ = {
			isa = PBXReferenceProxy;
			fileType = wrapper.framework;
			path = RxGesture.framework;
			remoteRef = 36BCF9791DEACD6900A69B6A /* PBXContainerItemProxy */;
			sourceTree = BUILT_PRODUCTS_DIR;
		};
		36BCF97C1DEACD6900A69B6A /* RxGestureTests.xctest */ = {
			isa = PBXReferenceProxy;
			fileType = wrapper.cfbundle;
			path = RxGestureTests.xctest;
			remoteRef = 36BCF97B1DEACD6900A69B6A /* PBXContainerItemProxy */;
			sourceTree = BUILT_PRODUCTS_DIR;
		};
		36BCF99A1DEAF6AA00A69B6A /* RxSegue.framework */ = {
			isa = PBXReferenceProxy;
			fileType = wrapper.framework;
			path = RxSegue.framework;
			remoteRef = 36BCF9991DEAF6AA00A69B6A /* PBXContainerItemProxy */;
			sourceTree = BUILT_PRODUCTS_DIR;
		};
/* End PBXReferenceProxy section */

/* Begin PBXResourcesBuildPhase section */
		20A67FAF1C6F382D00898298 /* Resources */ = {
			isa = PBXResourcesBuildPhase;
			buildActionMask = 2147483647;
			files = (
				20A67FBF1C6F382E00898298 /* LaunchScreen.storyboard in Resources */,
				367B0F5D1DEB0641005972E6 /* NewView.xib in Resources */,
				20A67FBC1C6F382E00898298 /* Assets.xcassets in Resources */,
				36B61D5C1DEAC16800358699 /* Cartfile in Resources */,
				36B61D5E1DEAC16F00358699 /* Cartfile.resolved in Resources */,
				20A67FBA1C6F382E00898298 /* Main.storyboard in Resources */,
			);
			runOnlyForDeploymentPostprocessing = 0;
		};
/* End PBXResourcesBuildPhase section */

/* Begin PBXSourcesBuildPhase section */
		20A67FAD1C6F382D00898298 /* Sources */ = {
			isa = PBXSourcesBuildPhase;
			buildActionMask = 2147483647;
			files = (
				20C530661C6FFA8B008D1056 /* AppConfiguration.swift in Sources */,
				20A67FD61C6F3AB800898298 /* MainMoviesListInteractor.swift in Sources */,
				20C5304B1C6FB996008D1056 /* TmdbApiService.swift in Sources */,
				20A67FDA1C6F3AD500898298 /* TmdbApiDataManager.swift in Sources */,
				20C530641C6FFA48008D1056 /* TmdbConfiguration.swift in Sources */,
				20A67FD41C6F3AA900898298 /* MainMoviesListPresenter.swift in Sources */,
				20A67FD21C6F3A6100898298 /* MainMoviesListView.swift in Sources */,
				20A680111C6F9E2500898298 /* MainMoviesListCell.swift in Sources */,
				20A67FB51C6F382E00898298 /* AppDelegate.swift in Sources */,
				20C530611C6FF1F5008D1056 /* ConfigurationsView.swift in Sources */,
				20A680031C6F476300898298 /* MovieDetailView.swift in Sources */,
				20A6800F1C6F8AE000898298 /* MainMoviesListViewModel.swift in Sources */,
				20A680051C6F47A800898298 /* MovieDetailWireframe.swift in Sources */,
				20C5305F1C6FEFF8008D1056 /* ConfigurationsPresenter.swift in Sources */,
				20C530591C6FEC18008D1056 /* ConfigurationsWireframe.swift in Sources */,
				20C5305B1C6FEC31008D1056 /* ConfigurationsInteractor.swift in Sources */,
				20A67FD81C6F3AC600898298 /* Movie.swift in Sources */,
				20A67FDF1C6F3B2C00898298 /* MainMoviesListWireframe.swift in Sources */,
				209C63AB1C88F23300B92560 /* ImagesService.swift in Sources */,
			);
			runOnlyForDeploymentPostprocessing = 0;
		};
/* End PBXSourcesBuildPhase section */

/* Begin PBXTargetDependency section */
		36350E181DEB1EBA0023DAA8 /* PBXTargetDependency */ = {
			isa = PBXTargetDependency;
			name = "FeatherweightRouter-iOS";
			targetProxy = 36350E171DEB1EBA0023DAA8 /* PBXContainerItemProxy */;
		};
		36553BD11DD5DD6B00E0E527 /* PBXTargetDependency */ = {
			isa = PBXTargetDependency;
			name = "RxSwift-iOS";
			targetProxy = 36553BD01DD5DD6B00E0E527 /* PBXContainerItemProxy */;
		};
		36553BD51DD5DD7300E0E527 /* PBXTargetDependency */ = {
			isa = PBXTargetDependency;
			name = "RxCocoa-iOS";
			targetProxy = 36553BD41DD5DD7300E0E527 /* PBXContainerItemProxy */;
		};
		36BCF9801DEACDC100A69B6A /* PBXTargetDependency */ = {
			isa = PBXTargetDependency;
			name = RxGesture;
			targetProxy = 36BCF97F1DEACDC100A69B6A /* PBXContainerItemProxy */;
		};
		36BCF99E1DEAF6C900A69B6A /* PBXTargetDependency */ = {
			isa = PBXTargetDependency;
			name = "RxSegue-iOS";
			targetProxy = 36BCF99D1DEAF6C900A69B6A /* PBXContainerItemProxy */;
		};
/* End PBXTargetDependency section */

/* Begin PBXVariantGroup section */
		20A67FB81C6F382E00898298 /* Main.storyboard */ = {
			isa = PBXVariantGroup;
			children = (
				20A67FB91C6F382E00898298 /* Base */,
			);
			name = Main.storyboard;
			sourceTree = "<group>";
		};
		20A67FBD1C6F382E00898298 /* LaunchScreen.storyboard */ = {
			isa = PBXVariantGroup;
			children = (
				20A67FBE1C6F382E00898298 /* Base */,
			);
			name = LaunchScreen.storyboard;
			sourceTree = "<group>";
		};
/* End PBXVariantGroup section */

/* Begin XCBuildConfiguration section */
		20A67FC11C6F382E00898298 /* Debug */ = {
			isa = XCBuildConfiguration;
			buildSettings = {
				ALWAYS_SEARCH_USER_PATHS = NO;
				CLANG_CXX_LANGUAGE_STANDARD = "gnu++0x";
				CLANG_CXX_LIBRARY = "libc++";
				CLANG_ENABLE_MODULES = YES;
				CLANG_ENABLE_OBJC_ARC = YES;
				CLANG_WARN_BOOL_CONVERSION = YES;
				CLANG_WARN_CONSTANT_CONVERSION = YES;
				CLANG_WARN_DIRECT_OBJC_ISA_USAGE = YES_ERROR;
				CLANG_WARN_EMPTY_BODY = YES;
				CLANG_WARN_ENUM_CONVERSION = YES;
				CLANG_WARN_INFINITE_RECURSION = YES;
				CLANG_WARN_INT_CONVERSION = YES;
				CLANG_WARN_OBJC_ROOT_CLASS = YES_ERROR;
				CLANG_WARN_SUSPICIOUS_MOVE = YES;
				CLANG_WARN_UNREACHABLE_CODE = YES;
				CLANG_WARN__DUPLICATE_METHOD_MATCH = YES;
				"CODE_SIGN_IDENTITY[sdk=iphoneos*]" = "iPhone Developer";
				COPY_PHASE_STRIP = NO;
				DEBUG_INFORMATION_FORMAT = dwarf;
				ENABLE_STRICT_OBJC_MSGSEND = YES;
				ENABLE_TESTABILITY = YES;
				GCC_C_LANGUAGE_STANDARD = gnu99;
				GCC_DYNAMIC_NO_PIC = NO;
				GCC_NO_COMMON_BLOCKS = YES;
				GCC_OPTIMIZATION_LEVEL = 0;
				GCC_PREPROCESSOR_DEFINITIONS = (
					"DEBUG=1",
					"$(inherited)",
				);
				GCC_WARN_64_TO_32_BIT_CONVERSION = YES;
				GCC_WARN_ABOUT_RETURN_TYPE = YES_ERROR;
				GCC_WARN_UNDECLARED_SELECTOR = YES;
				GCC_WARN_UNINITIALIZED_AUTOS = YES_AGGRESSIVE;
				GCC_WARN_UNUSED_FUNCTION = YES;
				GCC_WARN_UNUSED_VARIABLE = YES;
				IPHONEOS_DEPLOYMENT_TARGET = 9.1;
				MTL_ENABLE_DEBUG_INFO = YES;
				ONLY_ACTIVE_ARCH = YES;
				SDKROOT = iphoneos;
				SWIFT_OPTIMIZATION_LEVEL = "-Onone";
			};
			name = Debug;
		};
		20A67FC21C6F382E00898298 /* Release */ = {
			isa = XCBuildConfiguration;
			buildSettings = {
				ALWAYS_SEARCH_USER_PATHS = NO;
				CLANG_CXX_LANGUAGE_STANDARD = "gnu++0x";
				CLANG_CXX_LIBRARY = "libc++";
				CLANG_ENABLE_MODULES = YES;
				CLANG_ENABLE_OBJC_ARC = YES;
				CLANG_WARN_BOOL_CONVERSION = YES;
				CLANG_WARN_CONSTANT_CONVERSION = YES;
				CLANG_WARN_DIRECT_OBJC_ISA_USAGE = YES_ERROR;
				CLANG_WARN_EMPTY_BODY = YES;
				CLANG_WARN_ENUM_CONVERSION = YES;
				CLANG_WARN_INFINITE_RECURSION = YES;
				CLANG_WARN_INT_CONVERSION = YES;
				CLANG_WARN_OBJC_ROOT_CLASS = YES_ERROR;
				CLANG_WARN_SUSPICIOUS_MOVE = YES;
				CLANG_WARN_UNREACHABLE_CODE = YES;
				CLANG_WARN__DUPLICATE_METHOD_MATCH = YES;
				"CODE_SIGN_IDENTITY[sdk=iphoneos*]" = "iPhone Developer";
				COPY_PHASE_STRIP = NO;
				DEBUG_INFORMATION_FORMAT = "dwarf-with-dsym";
				ENABLE_NS_ASSERTIONS = NO;
				ENABLE_STRICT_OBJC_MSGSEND = YES;
				GCC_C_LANGUAGE_STANDARD = gnu99;
				GCC_NO_COMMON_BLOCKS = YES;
				GCC_WARN_64_TO_32_BIT_CONVERSION = YES;
				GCC_WARN_ABOUT_RETURN_TYPE = YES_ERROR;
				GCC_WARN_UNDECLARED_SELECTOR = YES;
				GCC_WARN_UNINITIALIZED_AUTOS = YES_AGGRESSIVE;
				GCC_WARN_UNUSED_FUNCTION = YES;
				GCC_WARN_UNUSED_VARIABLE = YES;
				IPHONEOS_DEPLOYMENT_TARGET = 9.1;
				MTL_ENABLE_DEBUG_INFO = NO;
				SDKROOT = iphoneos;
				SWIFT_OPTIMIZATION_LEVEL = "-Owholemodule";
				VALIDATE_PRODUCT = YES;
			};
			name = Release;
		};
		20A67FC41C6F382E00898298 /* Debug */ = {
			isa = XCBuildConfiguration;
			buildSettings = {
				ALWAYS_EMBED_SWIFT_STANDARD_LIBRARIES = YES;
				ASSETCATALOG_COMPILER_APPICON_NAME = AppIcon;
				"CODE_SIGN_IDENTITY[sdk=iphoneos*]" = "iPhone Developer";
				DEVELOPMENT_TEAM = "";
				FRAMEWORK_SEARCH_PATHS = "$(inherited)";
				INFOPLIST_FILE = ViperPrototype/Info.plist;
				LD_RUNPATH_SEARCH_PATHS = "$(inherited) @executable_path/Frameworks";
				PRODUCT_BUNDLE_IDENTIFIER = com.amg.ViperPrototype;
				PRODUCT_NAME = "$(TARGET_NAME)";
				SWIFT_VERSION = 3.0;
			};
			name = Debug;
		};
		20A67FC51C6F382E00898298 /* Release */ = {
			isa = XCBuildConfiguration;
			buildSettings = {
				ALWAYS_EMBED_SWIFT_STANDARD_LIBRARIES = YES;
				ASSETCATALOG_COMPILER_APPICON_NAME = AppIcon;
				"CODE_SIGN_IDENTITY[sdk=iphoneos*]" = "iPhone Developer";
				DEVELOPMENT_TEAM = "";
				FRAMEWORK_SEARCH_PATHS = "$(inherited)";
				INFOPLIST_FILE = ViperPrototype/Info.plist;
				LD_RUNPATH_SEARCH_PATHS = "$(inherited) @executable_path/Frameworks";
				PRODUCT_BUNDLE_IDENTIFIER = com.amg.ViperPrototype;
				PRODUCT_NAME = "$(TARGET_NAME)";
				SWIFT_VERSION = 3.0;
			};
			name = Release;
		};
/* End XCBuildConfiguration section */

/* Begin XCConfigurationList section */
		20A67FAC1C6F382D00898298 /* Build configuration list for PBXProject "ViperPrototype" */ = {
			isa = XCConfigurationList;
			buildConfigurations = (
				20A67FC11C6F382E00898298 /* Debug */,
				20A67FC21C6F382E00898298 /* Release */,
			);
			defaultConfigurationIsVisible = 0;
			defaultConfigurationName = Release;
		};
		20A67FC31C6F382E00898298 /* Build configuration list for PBXNativeTarget "ViperPrototype" */ = {
			isa = XCConfigurationList;
			buildConfigurations = (
				20A67FC41C6F382E00898298 /* Debug */,
				20A67FC51C6F382E00898298 /* Release */,
			);
			defaultConfigurationIsVisible = 0;
			defaultConfigurationName = Release;
		};
/* End XCConfigurationList section */
	};
	rootObject = 20A67FA91C6F382D00898298 /* Project object */;
}
